// !$*UTF8*$!
{
	archiveVersion = 1;
	classes = {
	};
	objectVersion = 70;
	objects = {

/* Begin PBXBuildFile section */
		2E54D1162ED6FC0400AA7346 /* logic-business in Frameworks */ = {isa = PBXBuildFile; productRef = 2E54D1152ED6FC0400AA7346 /* logic-business */; };
		2E54D1192ED6FD6200AA7346 /* logic-ui in Frameworks */ = {isa = PBXBuildFile; productRef = 2E54D1182ED6FD6200AA7346 /* logic-ui */; };
		2E54D11C2ED7006500AA7346 /* feature-common in Frameworks */ = {isa = PBXBuildFile; productRef = 2E54D11B2ED7006500AA7346 /* feature-common */; };
		2E54D11F2ED7019500AA7346 /* logic-assembly in Frameworks */ = {isa = PBXBuildFile; productRef = 2E54D11E2ED7019500AA7346 /* logic-assembly */; };
		2E54D1222ED723CE00AA7346 /* logic-core in Frameworks */ = {isa = PBXBuildFile; productRef = 2E54D1212ED723CE00AA7346 /* logic-core */; };
		2EA768A12EC9A6F0007F5DED /* DigitalCredentialProvider.appex in Embed ExtensionKit Extensions */ = {isa = PBXBuildFile; fileRef = 2EA7689A2EC9A6F0007F5DED /* DigitalCredentialProvider.appex */; settings = {ATTRIBUTES = (RemoveHeadersOnCopy, ); }; };
		2EFE167A2ED9918100D45861 /* DcApi18013AnnexC in Frameworks */ = {isa = PBXBuildFile; productRef = 2EFE16792ED9918100D45861 /* DcApi18013AnnexC */; };
		76268F7E2FE9090B0008901D /* DcApi18013AnnexC in Frameworks */ = {isa = PBXBuildFile; productRef = 76268F7D2FE9090B0008901D /* DcApi18013AnnexC */; };
		76268FA62FE911CD0008901D /* 6_2_4025_2945_b4bb6f01b7043f4f51d8302a30b36e3d4d2d0efc3c24557ab9212ad524a9764e in Resources */ = {isa = PBXBuildFile; fileRef = 76268FA32FE911CD0008901D /* 6_2_4025_2945_b4bb6f01b7043f4f51d8302a30b36e3d4d2d0efc3c24557ab9212ad524a9764e */; };
		76268FA72FE911CD0008901D /* 6_4_4283_2945_c70b5f44a1365c53847eb8948ad5b4fdc224251a2bc02d958c84c862823c49d6 in Resources */ = {isa = PBXBuildFile; fileRef = 76268FA52FE911CD0008901D /* 6_4_4283_2945_c70b5f44a1365c53847eb8948ad5b4fdc224251a2bc02d958c84c862823c49d6 */; };
		76268FA82FE911CD0008901D /* 6_3_4121_2945_b2211223b954b34a1081e3fbf71b8ea2de28efc888b4be510f532d6ba76c2010 in Resources */ = {isa = PBXBuildFile; fileRef = 76268FA42FE911CD0008901D /* 6_3_4121_2945_b2211223b954b34a1081e3fbf71b8ea2de28efc888b4be510f532d6ba76c2010 */; };
		76268FA92FE911CD0008901D /* 6_1_4096_2945_137e5a75ce72735a37c8a72da1a8a0a5df8d13365c2ae3d2c2bd6a0e7197c7c6 in Resources */ = {isa = PBXBuildFile; fileRef = 76268FA22FE911CD0008901D /* 6_1_4096_2945_137e5a75ce72735a37c8a72da1a8a0a5df8d13365c2ae3d2c2bd6a0e7197c7c6 */; };
		76268FAA2FE911CD0008901D /* 6_2_4025_2945_b4bb6f01b7043f4f51d8302a30b36e3d4d2d0efc3c24557ab9212ad524a9764e in Resources */ = {isa = PBXBuildFile; fileRef = 76268FA32FE911CD0008901D /* 6_2_4025_2945_b4bb6f01b7043f4f51d8302a30b36e3d4d2d0efc3c24557ab9212ad524a9764e */; };
		76268FAB2FE911CD0008901D /* 6_4_4283_2945_c70b5f44a1365c53847eb8948ad5b4fdc224251a2bc02d958c84c862823c49d6 in Resources */ = {isa = PBXBuildFile; fileRef = 76268FA52FE911CD0008901D /* 6_4_4283_2945_c70b5f44a1365c53847eb8948ad5b4fdc224251a2bc02d958c84c862823c49d6 */; };
		76268FAC2FE911CD0008901D /* 6_3_4121_2945_b2211223b954b34a1081e3fbf71b8ea2de28efc888b4be510f532d6ba76c2010 in Resources */ = {isa = PBXBuildFile; fileRef = 76268FA42FE911CD0008901D /* 6_3_4121_2945_b2211223b954b34a1081e3fbf71b8ea2de28efc888b4be510f532d6ba76c2010 */; };
		76268FAD2FE911CD0008901D /* 6_1_4096_2945_137e5a75ce72735a37c8a72da1a8a0a5df8d13365c2ae3d2c2bd6a0e7197c7c6 in Resources */ = {isa = PBXBuildFile; fileRef = 76268FA22FE911CD0008901D /* 6_1_4096_2945_137e5a75ce72735a37c8a72da1a8a0a5df8d13365c2ae3d2c2bd6a0e7197c7c6 */; };
		7653F1DB2FE9A0370086994F /* LongfellowZkp in Frameworks */ = {isa = PBXBuildFile; productRef = 7653F1DA2FE9A0370086994F /* LongfellowZkp */; };
		EE3062342E586862007BDAF6 /* SecurityExtensions.swift in Sources */ = {isa = PBXBuildFile; fileRef = EE3062332E58685C007BDAF6 /* SecurityExtensions.swift */; };
		EE4ECF952DED964500C82928 /* av_cert.der in Resources */ = {isa = PBXBuildFile; fileRef = EE4ECF942DED964500C82928 /* av_cert.der */; };
		F02921632B8E07870076A58B /* WalletDemoRelease.xcconfig in Resources */ = {isa = PBXBuildFile; fileRef = F02921612B8E07870076A58B /* WalletDemoRelease.xcconfig */; };
		F02921642B8E07870076A58B /* WalletDevRelease.xcconfig in Resources */ = {isa = PBXBuildFile; fileRef = F02921622B8E07870076A58B /* WalletDevRelease.xcconfig */; };
		F02AE38F2BA6E45F00C25C59 /* logic-assembly in Resources */ = {isa = PBXBuildFile; fileRef = F02AE38E2BA6E45F00C25C59 /* logic-assembly */; };
		F02AE3912BA6E59600C25C59 /* logic-assembly in Frameworks */ = {isa = PBXBuildFile; productRef = F02AE3902BA6E59600C25C59 /* logic-assembly */; };
		F0394F632EE9FD3100098E43 /* r45_staging.der in Resources */ = {isa = PBXBuildFile; fileRef = F0394F622EE9FD3100098E43 /* r45_staging.der */; };
		F05E9F382AFABBC200891E8F /* feature-presentation in Resources */ = {isa = PBXBuildFile; fileRef = F05E9F372AFABBC200891E8F /* feature-presentation */; };
		F06325102AC598370004601F /* logic-test in Resources */ = {isa = PBXBuildFile; fileRef = F063250F2AC598370004601F /* logic-test */; };
		F06325122AC59AF50004601F /* feature-test in Resources */ = {isa = PBXBuildFile; fileRef = F06325112AC59AF50004601F /* feature-test */; };
		F069CC402AFAC0AD0033AAC5 /* feature-issuance in Resources */ = {isa = PBXBuildFile; fileRef = F069CC3E2AFAC0AD0033AAC5 /* feature-issuance */; };
		F069CC412AFAC0AD0033AAC7 /* mrz-reader in Resources */ = {isa = PBXBuildFile; fileRef = F069CC3F2AFAC0AD0033AAC6 /* mrz-reader */; };
		F0A013982AC35ECA00065EAD /* logic-business in Resources */ = {isa = PBXBuildFile; fileRef = F0A013922AC35ECA00065EAD /* logic-business */; };
		F0A013992AC35ECA00065EAD /* logic-api in Resources */ = {isa = PBXBuildFile; fileRef = F0A013932AC35ECA00065EAD /* logic-api */; };
		F0A0139A2AC35ECA00065EAD /* feature-startup in Resources */ = {isa = PBXBuildFile; fileRef = F0A013942AC35ECA00065EAD /* feature-startup */; };
		F0A0139C2AC35ECA00065EAD /* logic-ui in Resources */ = {isa = PBXBuildFile; fileRef = F0A013962AC35ECA00065EAD /* logic-ui */; };
		F0A984762DA917130051A4DB /* pidissuerca02_ut.der in Resources */ = {isa = PBXBuildFile; fileRef = F0A984752DA917130051A4DB /* pidissuerca02_ut.der */; };
		F0A984772DA917130051A4DB /* pidissuerca02_nl.der in Resources */ = {isa = PBXBuildFile; fileRef = F0A984732DA917130051A4DB /* pidissuerca02_nl.der */; };
		F0A984782DA917130051A4DB /* pidissuerca02_cz.der in Resources */ = {isa = PBXBuildFile; fileRef = F0A9846F2DA917130051A4DB /* pidissuerca02_cz.der */; };
		F0A984792DA917130051A4DB /* pidissuerca02_pt.der in Resources */ = {isa = PBXBuildFile; fileRef = F0A984742DA917130051A4DB /* pidissuerca02_pt.der */; };
		F0A9847A2DA917130051A4DB /* pidissuerca02_ee.der in Resources */ = {isa = PBXBuildFile; fileRef = F0A984702DA917130051A4DB /* pidissuerca02_ee.der */; };
		F0A9847B2DA917130051A4DB /* pidissuerca02_lu.der in Resources */ = {isa = PBXBuildFile; fileRef = F0A984722DA917130051A4DB /* pidissuerca02_lu.der */; };
		F0A9847C2DA917130051A4DB /* pidissuerca02_eu.der in Resources */ = {isa = PBXBuildFile; fileRef = F0A984712DA917130051A4DB /* pidissuerca02_eu.der */; };
		F0BFE9B72AD557290062826F /* feature-common in Resources */ = {isa = PBXBuildFile; fileRef = F0BFE9B62AD557290062826F /* feature-common */; };
		F0C6207E2B6A6246007F903F /* logic-analytics in Resources */ = {isa = PBXBuildFile; fileRef = F0C6207D2B6A6246007F903F /* logic-analytics */; };
		F12E940F2ABC6C000086EC93 /* AppDelegate.swift in Sources */ = {isa = PBXBuildFile; fileRef = F12E940E2ABC6C000086EC93 /* AppDelegate.swift */; };
		F14907BC2ABAF54B00DDFE56 /* Application.swift in Sources */ = {isa = PBXBuildFile; fileRef = F14907BB2ABAF54B00DDFE56 /* Application.swift */; };
		F14907C02ABAF55000DDFE56 /* Assets.xcassets in Resources */ = {isa = PBXBuildFile; fileRef = F14907BF2ABAF55000DDFE56 /* Assets.xcassets */; };
		F14907C32ABAF55000DDFE56 /* Preview Assets.xcassets in Resources */ = {isa = PBXBuildFile; fileRef = F14907C22ABAF55000DDFE56 /* Preview Assets.xcassets */; };
		F1CACAE02AC3097100B40DED /* WalletDev.xcconfig in Resources */ = {isa = PBXBuildFile; fileRef = F1CACADF2AC3097100B40DED /* WalletDev.xcconfig */; };
		F1CACAE22AC3098C00B40DED /* WalletDemo.xcconfig in Resources */ = {isa = PBXBuildFile; fileRef = F1CACAE12AC3098C00B40DED /* WalletDemo.xcconfig */; };
/* End PBXBuildFile section */

/* Begin PBXContainerItemProxy section */
		2EA7689F2EC9A6F0007F5DED /* PBXContainerItemProxy */ = {
			isa = PBXContainerItemProxy;
			containerPortal = F14907B02ABAF54B00DDFE56 /* Project object */;
			proxyType = 1;
			remoteGlobalIDString = 2EA768992EC9A6F0007F5DED;
			remoteInfo = WalletDocumentProvider;
		};
/* End PBXContainerItemProxy section */

/* Begin PBXCopyFilesBuildPhase section */
		2EA768A22EC9A6F0007F5DED /* Embed ExtensionKit Extensions */ = {
			isa = PBXCopyFilesBuildPhase;
			buildActionMask = 2147483647;
			dstPath = "$(EXTENSIONS_FOLDER_PATH)";
			dstSubfolderSpec = 16;
			files = (
				2EA768A12EC9A6F0007F5DED /* DigitalCredentialProvider.appex in Embed ExtensionKit Extensions */,
			);
			name = "Embed ExtensionKit Extensions";
			runOnlyForDeploymentPostprocessing = 0;
		};
/* End PBXCopyFilesBuildPhase section */

/* Begin PBXFileReference section */
		1198ECD72AC453F200F4E71A /* logic-resources */ = {isa = PBXFileReference; lastKnownFileType = wrapper; name = "logic-resources"; path = "Modules/logic-resources"; sourceTree = "<group>"; };
		2EA7689A2EC9A6F0007F5DED /* DigitalCredentialProvider.appex */ = {isa = PBXFileReference; explicitFileType = "wrapper.extensionkit-extension"; includeInIndex = 0; path = DigitalCredentialProvider.appex; sourceTree = BUILT_PRODUCTS_DIR; };
		2EEA0D152ED5EAD50025B324 /* AgeVerification.entitlements */ = {isa = PBXFileReference; lastKnownFileType = text.plist.entitlements; path = AgeVerification.entitlements; sourceTree = "<group>"; };
		76268FA22FE911CD0008901D /* 6_1_4096_2945_137e5a75ce72735a37c8a72da1a8a0a5df8d13365c2ae3d2c2bd6a0e7197c7c6 */ = {isa = PBXFileReference; lastKnownFileType = file; path = 6_1_4096_2945_137e5a75ce72735a37c8a72da1a8a0a5df8d13365c2ae3d2c2bd6a0e7197c7c6; sourceTree = "<group>"; };
		76268FA32FE911CD0008901D /* 6_2_4025_2945_b4bb6f01b7043f4f51d8302a30b36e3d4d2d0efc3c24557ab9212ad524a9764e */ = {isa = PBXFileReference; lastKnownFileType = file; path = 6_2_4025_2945_b4bb6f01b7043f4f51d8302a30b36e3d4d2d0efc3c24557ab9212ad524a9764e; sourceTree = "<group>"; };
		76268FA42FE911CD0008901D /* 6_3_4121_2945_b2211223b954b34a1081e3fbf71b8ea2de28efc888b4be510f532d6ba76c2010 */ = {isa = PBXFileReference; lastKnownFileType = file; path = 6_3_4121_2945_b2211223b954b34a1081e3fbf71b8ea2de28efc888b4be510f532d6ba76c2010; sourceTree = "<group>"; };
		76268FA52FE911CD0008901D /* 6_4_4283_2945_c70b5f44a1365c53847eb8948ad5b4fdc224251a2bc02d958c84c862823c49d6 */ = {isa = PBXFileReference; lastKnownFileType = file; path = 6_4_4283_2945_c70b5f44a1365c53847eb8948ad5b4fdc224251a2bc02d958c84c862823c49d6; sourceTree = "<group>"; };
		EA887C042DE9D1C70087CB2F /* feature-av-dashboard */ = {isa = PBXFileReference; lastKnownFileType = wrapper; name = "feature-av-dashboard"; path = "Modules/feature-av-dashboard"; sourceTree = "<group>"; };
		EE3062332E58685C007BDAF6 /* SecurityExtensions.swift */ = {isa = PBXFileReference; lastKnownFileType = sourcecode.swift; path = SecurityExtensions.swift; sourceTree = "<group>"; };
		EE4ECF942DED964500C82928 /* av_cert.der */ = {isa = PBXFileReference; lastKnownFileType = file; path = av_cert.der; sourceTree = "<group>"; };
		EE9D75C42DDDF09400BAEE0F /* feature-onboarding */ = {isa = PBXFileReference; lastKnownFileType = wrapper; name = "feature-onboarding"; path = "Modules/feature-onboarding"; sourceTree = "<group>"; };
		F018D9F32D087C410015876D /* logic-storage */ = {isa = PBXFileReference; lastKnownFileType = wrapper; name = "logic-storage"; path = "Modules/logic-storage"; sourceTree = "<group>"; };
		F02921612B8E07870076A58B /* WalletDemoRelease.xcconfig */ = {isa = PBXFileReference; fileEncoding = 4; lastKnownFileType = text.xcconfig; path = WalletDemoRelease.xcconfig; sourceTree = "<group>"; };
		F02921622B8E07870076A58B /* WalletDevRelease.xcconfig */ = {isa = PBXFileReference; fileEncoding = 4; lastKnownFileType = text.xcconfig; path = WalletDevRelease.xcconfig; sourceTree = "<group>"; };
		F02AE38E2BA6E45F00C25C59 /* logic-assembly */ = {isa = PBXFileReference; lastKnownFileType = wrapper; name = "logic-assembly"; path = "Modules/logic-assembly"; sourceTree = "<group>"; };
		F0394F622EE9FD3100098E43 /* r45_staging.der */ = {isa = PBXFileReference; lastKnownFileType = file; path = r45_staging.der; sourceTree = "<group>"; };
		F05E9F372AFABBC200891E8F /* feature-presentation */ = {isa = PBXFileReference; lastKnownFileType = wrapper; name = "feature-presentation"; path = "Modules/feature-presentation"; sourceTree = "<group>"; };
		F063250F2AC598370004601F /* logic-test */ = {isa = PBXFileReference; lastKnownFileType = wrapper; name = "logic-test"; path = "Modules/logic-test"; sourceTree = "<group>"; };
		F06325112AC59AF50004601F /* feature-test */ = {isa = PBXFileReference; lastKnownFileType = wrapper; name = "feature-test"; path = "Modules/feature-test"; sourceTree = "<group>"; };
		F069CC3E2AFAC0AD0033AAC5 /* feature-issuance */ = {isa = PBXFileReference; lastKnownFileType = wrapper; name = "feature-issuance"; path = "Modules/feature-issuance"; sourceTree = "<group>"; };
		F069CC3F2AFAC0AD0033AAC6 /* mrz-reader */ = {isa = PBXFileReference; lastKnownFileType = wrapper; name = "mrz-reader"; path = "Modules/mrz-reader"; sourceTree = "<group>"; };
		F09E1EA22AC3443000779C25 /* Wallet.plist */ = {isa = PBXFileReference; lastKnownFileType = text.plist.xml; path = Wallet.plist; sourceTree = "<group>"; };
		F0A013922AC35ECA00065EAD /* logic-business */ = {isa = PBXFileReference; lastKnownFileType = wrapper; name = "logic-business"; path = "Modules/logic-business"; sourceTree = "<group>"; };
		F0A013932AC35ECA00065EAD /* logic-api */ = {isa = PBXFileReference; lastKnownFileType = wrapper; name = "logic-api"; path = "Modules/logic-api"; sourceTree = "<group>"; };
		F0A013942AC35ECA00065EAD /* feature-startup */ = {isa = PBXFileReference; lastKnownFileType = wrapper; name = "feature-startup"; path = "Modules/feature-startup"; sourceTree = "<group>"; };
		F0A013962AC35ECA00065EAD /* logic-ui */ = {isa = PBXFileReference; lastKnownFileType = wrapper; name = "logic-ui"; path = "Modules/logic-ui"; sourceTree = "<group>"; };
		F0A0BE922AC35925002BE0F5 /* EudiWallet.xctestplan */ = {isa = PBXFileReference; lastKnownFileType = text; path = EudiWallet.xctestplan; sourceTree = "<group>"; };
		F0A9846F2DA917130051A4DB /* pidissuerca02_cz.der */ = {isa = PBXFileReference; lastKnownFileType = file; path = pidissuerca02_cz.der; sourceTree = "<group>"; };
		F0A984702DA917130051A4DB /* pidissuerca02_ee.der */ = {isa = PBXFileReference; lastKnownFileType = file; path = pidissuerca02_ee.der; sourceTree = "<group>"; };
		F0A984712DA917130051A4DB /* pidissuerca02_eu.der */ = {isa = PBXFileReference; lastKnownFileType = file; path = pidissuerca02_eu.der; sourceTree = "<group>"; };
		F0A984722DA917130051A4DB /* pidissuerca02_lu.der */ = {isa = PBXFileReference; lastKnownFileType = file; path = pidissuerca02_lu.der; sourceTree = "<group>"; };
		F0A984732DA917130051A4DB /* pidissuerca02_nl.der */ = {isa = PBXFileReference; lastKnownFileType = file; path = pidissuerca02_nl.der; sourceTree = "<group>"; };
		F0A984742DA917130051A4DB /* pidissuerca02_pt.der */ = {isa = PBXFileReference; lastKnownFileType = file; path = pidissuerca02_pt.der; sourceTree = "<group>"; };
		F0A984752DA917130051A4DB /* pidissuerca02_ut.der */ = {isa = PBXFileReference; lastKnownFileType = file; path = pidissuerca02_ut.der; sourceTree = "<group>"; };
		F0B440782B9B42B600031137 /* logic-core */ = {isa = PBXFileReference; lastKnownFileType = wrapper; name = "logic-core"; path = "Modules/logic-core"; sourceTree = "<group>"; };
		F0BFE9B62AD557290062826F /* feature-common */ = {isa = PBXFileReference; lastKnownFileType = wrapper; name = "feature-common"; path = "Modules/feature-common"; sourceTree = "<group>"; };
		F0C6207D2B6A6246007F903F /* logic-analytics */ = {isa = PBXFileReference; lastKnownFileType = wrapper; name = "logic-analytics"; path = "Modules/logic-analytics"; sourceTree = "<group>"; };
		F0DF43F42BA083DF003498ED /* logic-authentication */ = {isa = PBXFileReference; lastKnownFileType = wrapper; name = "logic-authentication"; path = "Modules/logic-authentication"; sourceTree = "<group>"; };
		F12E940E2ABC6C000086EC93 /* AppDelegate.swift */ = {isa = PBXFileReference; lastKnownFileType = sourcecode.swift; path = AppDelegate.swift; sourceTree = "<group>"; };
		F14907B82ABAF54B00DDFE56 /* AgeVerification.app */ = {isa = PBXFileReference; explicitFileType = wrapper.application; includeInIndex = 0; path = AgeVerification.app; sourceTree = BUILT_PRODUCTS_DIR; };
		F14907BB2ABAF54B00DDFE56 /* Application.swift */ = {isa = PBXFileReference; lastKnownFileType = sourcecode.swift; path = Application.swift; sourceTree = "<group>"; };
		F14907BF2ABAF55000DDFE56 /* Assets.xcassets */ = {isa = PBXFileReference; lastKnownFileType = folder.assetcatalog; path = Assets.xcassets; sourceTree = "<group>"; };
		F14907C22ABAF55000DDFE56 /* Preview Assets.xcassets */ = {isa = PBXFileReference; lastKnownFileType = folder.assetcatalog; path = "Preview Assets.xcassets"; sourceTree = "<group>"; };
		F1CACADF2AC3097100B40DED /* WalletDev.xcconfig */ = {isa = PBXFileReference; lastKnownFileType = text.xcconfig; path = WalletDev.xcconfig; sourceTree = "<group>"; };
		F1CACAE12AC3098C00B40DED /* WalletDemo.xcconfig */ = {isa = PBXFileReference; lastKnownFileType = text.xcconfig; path = WalletDemo.xcconfig; sourceTree = "<group>"; };
/* End PBXFileReference section */

/* Begin PBXFileSystemSynchronizedBuildFileExceptionSet section */
		2EA768A72EC9A6F0007F5DED /* PBXFileSystemSynchronizedBuildFileExceptionSet */ = {
			isa = PBXFileSystemSynchronizedBuildFileExceptionSet;
			membershipExceptions = (
				Info.plist,
			);
			target = 2EA768992EC9A6F0007F5DED /* DigitalCredentialProvider */;
		};
/* End PBXFileSystemSynchronizedBuildFileExceptionSet section */

/* Begin PBXFileSystemSynchronizedRootGroup section */
		2EA7689B2EC9A6F0007F5DED /* DigitalCredentialProvider */ = {isa = PBXFileSystemSynchronizedRootGroup; exceptions = (2EA768A72EC9A6F0007F5DED /* PBXFileSystemSynchronizedBuildFileExceptionSet */, ); explicitFileTypes = {}; explicitFolders = (); path = DigitalCredentialProvider; sourceTree = "<group>"; };
/* End PBXFileSystemSynchronizedRootGroup section */

/* Begin PBXFrameworksBuildPhase section */
		2EA768972EC9A6F0007F5DED /* Frameworks */ = {
			isa = PBXFrameworksBuildPhase;
			buildActionMask = 2147483647;
			files = (
				2E54D11C2ED7006500AA7346 /* feature-common in Frameworks */,
				2E54D11F2ED7019500AA7346 /* logic-assembly in Frameworks */,
				2E54D1192ED6FD6200AA7346 /* logic-ui in Frameworks */,
				2EFE167A2ED9918100D45861 /* DcApi18013AnnexC in Frameworks */,
				2E54D1222ED723CE00AA7346 /* logic-core in Frameworks */,
				2E54D1162ED6FC0400AA7346 /* logic-business in Frameworks */,
			);
			runOnlyForDeploymentPostprocessing = 0;
		};
		F14907B52ABAF54B00DDFE56 /* Frameworks */ = {
			isa = PBXFrameworksBuildPhase;
			buildActionMask = 2147483647;
			files = (
				76268F7E2FE9090B0008901D /* DcApi18013AnnexC in Frameworks */,
				F02AE3912BA6E59600C25C59 /* logic-assembly in Frameworks */,
				7653F1DB2FE9A0370086994F /* LongfellowZkp in Frameworks */,
			);
			runOnlyForDeploymentPostprocessing = 0;
		};
/* End PBXFrameworksBuildPhase section */

/* Begin PBXGroup section */
		76268FA12FE911B30008901D /* longfellow-libzk-v1 */ = {
			isa = PBXGroup;
			children = (
				76268FA22FE911CD0008901D /* 6_1_4096_2945_137e5a75ce72735a37c8a72da1a8a0a5df8d13365c2ae3d2c2bd6a0e7197c7c6 */,
				76268FA32FE911CD0008901D /* 6_2_4025_2945_b4bb6f01b7043f4f51d8302a30b36e3d4d2d0efc3c24557ab9212ad524a9764e */,
				76268FA42FE911CD0008901D /* 6_3_4121_2945_b2211223b954b34a1081e3fbf71b8ea2de28efc888b4be510f532d6ba76c2010 */,
				76268FA52FE911CD0008901D /* 6_4_4283_2945_c70b5f44a1365c53847eb8948ad5b4fdc224251a2bc02d958c84c862823c49d6 */,
			);
			path = "longfellow-libzk-v1";
			sourceTree = "<group>";
		};
		F09E1EA02AC33A6800779C25 /* Config */ = {
			isa = PBXGroup;
			children = (
				F02921612B8E07870076A58B /* WalletDemoRelease.xcconfig */,
				F02921622B8E07870076A58B /* WalletDevRelease.xcconfig */,
				F1CACADF2AC3097100B40DED /* WalletDev.xcconfig */,
				F1CACAE12AC3098C00B40DED /* WalletDemo.xcconfig */,
			);
			path = Config;
			sourceTree = "<group>";
		};
		F0FFD1DF2D82DB8C0044B5C1 /* Certificate */ = {
			isa = PBXGroup;
			children = (
				F0394F622EE9FD3100098E43 /* r45_staging.der */,
				F0A9846F2DA917130051A4DB /* pidissuerca02_cz.der */,
				F0A984702DA917130051A4DB /* pidissuerca02_ee.der */,
				F0A984712DA917130051A4DB /* pidissuerca02_eu.der */,
				F0A984722DA917130051A4DB /* pidissuerca02_lu.der */,
				F0A984732DA917130051A4DB /* pidissuerca02_nl.der */,
				F0A984742DA917130051A4DB /* pidissuerca02_pt.der */,
				F0A984752DA917130051A4DB /* pidissuerca02_ut.der */,
				EE4ECF942DED964500C82928 /* av_cert.der */,
			);
			path = Certificate;
			sourceTree = "<group>";
		};
		F14907AF2ABAF54B00DDFE56 = {
			isa = PBXGroup;
			children = (
				76268FA12FE911B30008901D /* longfellow-libzk-v1 */,
				2EEA0D152ED5EAD50025B324 /* AgeVerification.entitlements */,
				F0A0BE922AC35925002BE0F5 /* EudiWallet.xctestplan */,
				F14907BA2ABAF54B00DDFE56 /* Wallet */,
				F14908692ABC467600DDFE56 /* Packages */,
				2EA7689B2EC9A6F0007F5DED /* DigitalCredentialProvider */,
				F14907B92ABAF54B00DDFE56 /* Products */,
				F14908182ABC3D0400DDFE56 /* Frameworks */,
			);
			sourceTree = "<group>";
		};
		F14907B92ABAF54B00DDFE56 /* Products */ = {
			isa = PBXGroup;
			children = (
				F14907B82ABAF54B00DDFE56 /* AgeVerification.app */,
				2EA7689A2EC9A6F0007F5DED /* DigitalCredentialProvider.appex */,
			);
			name = Products;
			sourceTree = "<group>";
		};
		F14907BA2ABAF54B00DDFE56 /* Wallet */ = {
			isa = PBXGroup;
			children = (
				F0FFD1DF2D82DB8C0044B5C1 /* Certificate */,
				F09E1EA02AC33A6800779C25 /* Config */,
				F14907BB2ABAF54B00DDFE56 /* Application.swift */,
				F12E940E2ABC6C000086EC93 /* AppDelegate.swift */,
				EE3062332E58685C007BDAF6 /* SecurityExtensions.swift */,
				F14907BF2ABAF55000DDFE56 /* Assets.xcassets */,
				F14907C12ABAF55000DDFE56 /* Preview Content */,
				F09E1EA22AC3443000779C25 /* Wallet.plist */,
			);
			path = Wallet;
			sourceTree = "<group>";
		};
		F14907C12ABAF55000DDFE56 /* Preview Content */ = {
			isa = PBXGroup;
			children = (
				F14907C22ABAF55000DDFE56 /* Preview Assets.xcassets */,
			);
			path = "Preview Content";
			sourceTree = "<group>";
		};
		F14908182ABC3D0400DDFE56 /* Frameworks */ = {
			isa = PBXGroup;
			children = (
			);
			name = Frameworks;
			sourceTree = "<group>";
		};
		F14908692ABC467600DDFE56 /* Packages */ = {
			isa = PBXGroup;
			children = (
				EA887C042DE9D1C70087CB2F /* feature-av-dashboard */,
				EE9D75C42DDDF09400BAEE0F /* feature-onboarding */,
				F018D9F32D087C410015876D /* logic-storage */,
				F02AE38E2BA6E45F00C25C59 /* logic-assembly */,
				F0DF43F42BA083DF003498ED /* logic-authentication */,
				F0B440782B9B42B600031137 /* logic-core */,
				F0C6207D2B6A6246007F903F /* logic-analytics */,
				F069CC3E2AFAC0AD0033AAC5 /* feature-issuance */,
				F05E9F372AFABBC200891E8F /* feature-presentation */,
				F0BFE9B62AD557290062826F /* feature-common */,
				1198ECD72AC453F200F4E71A /* logic-resources */,
				F06325112AC59AF50004601F /* feature-test */,
				F063250F2AC598370004601F /* logic-test */,
				F0A013942AC35ECA00065EAD /* feature-startup */,
				F0A013932AC35ECA00065EAD /* logic-api */,
				F0A013922AC35ECA00065EAD /* logic-business */,
				F0A013962AC35ECA00065EAD /* logic-ui */,
				F069CC3F2AFAC0AD0033AAC6 /* mrz-reader */,
			);
			name = Packages;
			sourceTree = "<group>";
		};
/* End PBXGroup section */

/* Begin PBXNativeTarget section */
		2EA768992EC9A6F0007F5DED /* DigitalCredentialProvider */ = {
			isa = PBXNativeTarget;
			buildConfigurationList = 2EA768A82EC9A6F0007F5DED /* Build configuration list for PBXNativeTarget "DigitalCredentialProvider" */;
			buildPhases = (
				2EA768962EC9A6F0007F5DED /* Sources */,
				2EA768972EC9A6F0007F5DED /* Frameworks */,
				2EA768982EC9A6F0007F5DED /* Resources */,
			);
			buildRules = (
			);
			dependencies = (
			);
			fileSystemSynchronizedGroups = (
				2EA7689B2EC9A6F0007F5DED /* DigitalCredentialProvider */,
			);
			name = DigitalCredentialProvider;
			packageProductDependencies = (
				2E54D1152ED6FC0400AA7346 /* logic-business */,
				2E54D1182ED6FD6200AA7346 /* logic-ui */,
				2E54D11B2ED7006500AA7346 /* feature-common */,
				2E54D11E2ED7019500AA7346 /* logic-assembly */,
				2E54D1212ED723CE00AA7346 /* logic-core */,
				2EFE16792ED9918100D45861 /* DcApi18013AnnexC */,
			);
			productName = WalletDocumentProvider;
			productReference = 2EA7689A2EC9A6F0007F5DED /* DigitalCredentialProvider.appex */;
			productType = "com.apple.product-type.extensionkit-extension";
		};
		F14907B72ABAF54B00DDFE56 /* AgeVerification */ = {
			isa = PBXNativeTarget;
			buildConfigurationList = F14907DC2ABAF55000DDFE56 /* Build configuration list for PBXNativeTarget "AgeVerification" */;
			buildPhases = (
				F14907B42ABAF54B00DDFE56 /* Sources */,
				F14907B52ABAF54B00DDFE56 /* Frameworks */,
				F14907B62ABAF54B00DDFE56 /* Resources */,
				2EA768A22EC9A6F0007F5DED /* Embed ExtensionKit Extensions */,
			);
			buildRules = (
			);
			dependencies = (
				2EA768A02EC9A6F0007F5DED /* PBXTargetDependency */,
			);
			name = AgeVerification;
			packageProductDependencies = (
				F02AE3902BA6E59600C25C59 /* logic-assembly */,
				76268F7D2FE9090B0008901D /* DcApi18013AnnexC */,
				7653F1DA2FE9A0370086994F /* LongfellowZkp */,
			);
			productName = "EUDI Reference App";
			productReference = F14907B82ABAF54B00DDFE56 /* AgeVerification.app */;
			productType = "com.apple.product-type.application";
		};
/* End PBXNativeTarget section */

/* Begin PBXProject section */
		F14907B02ABAF54B00DDFE56 /* Project object */ = {
			isa = PBXProject;
			attributes = {
				BuildIndependentTargetsInParallel = YES;
				LastSwiftUpdateCheck = 2610;
				LastUpgradeCheck = 1620;
				TargetAttributes = {
					2EA768992EC9A6F0007F5DED = {
						CreatedOnToolsVersion = 26.1;
					};
					F14907B72ABAF54B00DDFE56 = {
						CreatedOnToolsVersion = 15.0;
					};
				};
			};
			buildConfigurationList = F14907B32ABAF54B00DDFE56 /* Build configuration list for PBXProject "AgeVerification" */;
			compatibilityVersion = "Xcode 14.0";
			developmentRegion = en;
			hasScannedForEncodings = 0;
			knownRegions = (
				en,
				da,
				fr,
				it,
			);
			mainGroup = F14907AF2ABAF54B00DDFE56;
			packageReferences = (
				2E54D1142ED6FC0400AA7346 /* XCLocalSwiftPackageReference "Modules/logic-business" */,
				2E54D1172ED6FD6200AA7346 /* XCLocalSwiftPackageReference "Modules/logic-ui" */,
				2E54D11A2ED7006500AA7346 /* XCLocalSwiftPackageReference "Modules/feature-common" */,
				2E54D11D2ED7019500AA7346 /* XCLocalSwiftPackageReference "Modules/logic-assembly" */,
				2E54D1202ED723CE00AA7346 /* XCLocalSwiftPackageReference "Modules/logic-core" */,
				2EFE16782ED9918100D45861 /* XCRemoteSwiftPackageReference "av-lib-ios-w3c-dc-api" */,
				7653F1D92FE9A0370086994F /* XCRemoteSwiftPackageReference "av-lib-ios-longfellow-zkp" */,
			);
			productRefGroup = F14907B92ABAF54B00DDFE56 /* Products */;
			projectDirPath = "";
			projectRoot = "";
			targets = (
				F14907B72ABAF54B00DDFE56 /* AgeVerification */,
				2EA768992EC9A6F0007F5DED /* DigitalCredentialProvider */,
			);
		};
/* End PBXProject section */

/* Begin PBXResourcesBuildPhase section */
		2EA768982EC9A6F0007F5DED /* Resources */ = {
			isa = PBXResourcesBuildPhase;
			buildActionMask = 2147483647;
			files = (
				76268FAA2FE911CD0008901D /* 6_2_4025_2945_b4bb6f01b7043f4f51d8302a30b36e3d4d2d0efc3c24557ab9212ad524a9764e in Resources */,
				76268FAB2FE911CD0008901D /* 6_4_4283_2945_c70b5f44a1365c53847eb8948ad5b4fdc224251a2bc02d958c84c862823c49d6 in Resources */,
				76268FAC2FE911CD0008901D /* 6_3_4121_2945_b2211223b954b34a1081e3fbf71b8ea2de28efc888b4be510f532d6ba76c2010 in Resources */,
				76268FAD2FE911CD0008901D /* 6_1_4096_2945_137e5a75ce72735a37c8a72da1a8a0a5df8d13365c2ae3d2c2bd6a0e7197c7c6 in Resources */,
			);
			runOnlyForDeploymentPostprocessing = 0;
		};
		F14907B62ABAF54B00DDFE56 /* Resources */ = {
			isa = PBXResourcesBuildPhase;
			buildActionMask = 2147483647;
			files = (
				F02AE38F2BA6E45F00C25C59 /* logic-assembly in Resources */,
				F06325122AC59AF50004601F /* feature-test in Resources */,
				F14907C32ABAF55000DDFE56 /* Preview Assets.xcassets in Resources */,
				EE4ECF952DED964500C82928 /* av_cert.der in Resources */,
				F0A013982AC35ECA00065EAD /* logic-business in Resources */,
				F069CC402AFAC0AD0033AAC5 /* feature-issuance in Resources */,
				F069CC412AFAC0AD0033AAC7 /* mrz-reader in Resources */,
				F14907C02ABAF55000DDFE56 /* Assets.xcassets in Resources */,
				F06325102AC598370004601F /* logic-test in Resources */,
				F0C6207E2B6A6246007F903F /* logic-analytics in Resources */,
				F02921632B8E07870076A58B /* WalletDemoRelease.xcconfig in Resources */,
				F1CACAE02AC3097100B40DED /* WalletDev.xcconfig in Resources */,
				F0394F632EE9FD3100098E43 /* r45_staging.der in Resources */,
				F0A013992AC35ECA00065EAD /* logic-api in Resources */,
				F0A0139A2AC35ECA00065EAD /* feature-startup in Resources */,
				F1CACAE22AC3098C00B40DED /* WalletDemo.xcconfig in Resources */,
				F0BFE9B72AD557290062826F /* feature-common in Resources */,
				F0A984762DA917130051A4DB /* pidissuerca02_ut.der in Resources */,
				F0A984772DA917130051A4DB /* pidissuerca02_nl.der in Resources */,
				F0A984782DA917130051A4DB /* pidissuerca02_cz.der in Resources */,
				76268FA62FE911CD0008901D /* 6_2_4025_2945_b4bb6f01b7043f4f51d8302a30b36e3d4d2d0efc3c24557ab9212ad524a9764e in Resources */,
				76268FA72FE911CD0008901D /* 6_4_4283_2945_c70b5f44a1365c53847eb8948ad5b4fdc224251a2bc02d958c84c862823c49d6 in Resources */,
				76268FA82FE911CD0008901D /* 6_3_4121_2945_b2211223b954b34a1081e3fbf71b8ea2de28efc888b4be510f532d6ba76c2010 in Resources */,
				76268FA92FE911CD0008901D /* 6_1_4096_2945_137e5a75ce72735a37c8a72da1a8a0a5df8d13365c2ae3d2c2bd6a0e7197c7c6 in Resources */,
				F0A984792DA917130051A4DB /* pidissuerca02_pt.der in Resources */,
				F0A9847A2DA917130051A4DB /* pidissuerca02_ee.der in Resources */,
				F0A9847B2DA917130051A4DB /* pidissuerca02_lu.der in Resources */,
				F0A9847C2DA917130051A4DB /* pidissuerca02_eu.der in Resources */,
				F0A0139C2AC35ECA00065EAD /* logic-ui in Resources */,
				F02921642B8E07870076A58B /* WalletDevRelease.xcconfig in Resources */,
				F05E9F382AFABBC200891E8F /* feature-presentation in Resources */,
			);
			runOnlyForDeploymentPostprocessing = 0;
		};
/* End PBXResourcesBuildPhase section */

/* Begin PBXSourcesBuildPhase section */
		2EA768962EC9A6F0007F5DED /* Sources */ = {
			isa = PBXSourcesBuildPhase;
			buildActionMask = 2147483647;
			files = (
			);
			runOnlyForDeploymentPostprocessing = 0;
		};
		F14907B42ABAF54B00DDFE56 /* Sources */ = {
			isa = PBXSourcesBuildPhase;
			buildActionMask = 2147483647;
			files = (
				F12E940F2ABC6C000086EC93 /* AppDelegate.swift in Sources */,
				EE3062342E586862007BDAF6 /* SecurityExtensions.swift in Sources */,
				F14907BC2ABAF54B00DDFE56 /* Application.swift in Sources */,
			);
			runOnlyForDeploymentPostprocessing = 0;
		};
/* End PBXSourcesBuildPhase section */

/* Begin PBXTargetDependency section */
		2EA768A02EC9A6F0007F5DED /* PBXTargetDependency */ = {
			isa = PBXTargetDependency;
			target = 2EA768992EC9A6F0007F5DED /* DigitalCredentialProvider */;
			targetProxy = 2EA7689F2EC9A6F0007F5DED /* PBXContainerItemProxy */;
		};
/* End PBXTargetDependency section */

/* Begin XCBuildConfiguration section */
		2EA768A32EC9A6F0007F5DED /* Debug Dev */ = {
			isa = XCBuildConfiguration;
			buildSettings = {
				ALWAYS_SEARCH_USER_PATHS = NO;
				APP_TEAM_ID = 9FH6TNGWF2;
				ASSETCATALOG_COMPILER_GENERATE_SWIFT_ASSET_SYMBOL_EXTENSIONS = YES;
				CLANG_ANALYZER_NONNULL = YES;
				CLANG_ANALYZER_NUMBER_OBJECT_CONVERSION = YES_AGGRESSIVE;
				CLANG_CXX_LANGUAGE_STANDARD = "gnu++20";
				CLANG_ENABLE_MODULES = YES;
				CLANG_ENABLE_OBJC_ARC = YES;
				CLANG_ENABLE_OBJC_WEAK = YES;
				CLANG_WARN_BLOCK_CAPTURE_AUTORELEASING = YES;
				CLANG_WARN_BOOL_CONVERSION = YES;
				CLANG_WARN_COMMA = YES;
				CLANG_WARN_CONSTANT_CONVERSION = YES;
				CLANG_WARN_DEPRECATED_OBJC_IMPLEMENTATIONS = YES;
				CLANG_WARN_DIRECT_OBJC_ISA_USAGE = YES_ERROR;
				CLANG_WARN_DOCUMENTATION_COMMENTS = YES;
				CLANG_WARN_EMPTY_BODY = YES;
				CLANG_WARN_ENUM_CONVERSION = YES;
				CLANG_WARN_INFINITE_RECURSION = YES;
				CLANG_WARN_INT_CONVERSION = YES;
				CLANG_WARN_NON_LITERAL_NULL_CONVERSION = YES;
				CLANG_WARN_OBJC_IMPLICIT_RETAIN_SELF = YES;
				CLANG_WARN_OBJC_LITERAL_CONVERSION = YES;
				CLANG_WARN_OBJC_ROOT_CLASS = YES_ERROR;
				CLANG_WARN_QUOTED_INCLUDE_IN_FRAMEWORK_HEADER = YES;
				CLANG_WARN_RANGE_LOOP_ANALYSIS = YES;
				CLANG_WARN_STRICT_PROTOTYPES = YES;
				CLANG_WARN_SUSPICIOUS_MOVE = YES;
				CLANG_WARN_UNGUARDED_AVAILABILITY = YES_AGGRESSIVE;
				CLANG_WARN_UNREACHABLE_CODE = YES;
				CLANG_WARN__DUPLICATE_METHOD_MATCH = YES;
				CODE_SIGN_ENTITLEMENTS = DigitalCredentialProvider/DigitalCredentialProvider.entitlements;
				CODE_SIGN_IDENTITY = "Apple Development";
				CODE_SIGN_STYLE = Automatic;
				COPY_PHASE_STRIP = NO;
				CURRENT_PROJECT_VERSION = 1;
				DEBUG_INFORMATION_FORMAT = dwarf;
				DEVELOPMENT_TEAM = 9FH6TNGWF2;
				ENABLE_STRICT_OBJC_MSGSEND = YES;
				ENABLE_TESTABILITY = YES;
				ENABLE_USER_SCRIPT_SANDBOXING = YES;
				GCC_C_LANGUAGE_STANDARD = gnu17;
				GCC_DYNAMIC_NO_PIC = NO;
				GCC_NO_COMMON_BLOCKS = YES;
				GCC_OPTIMIZATION_LEVEL = 0;
				GCC_PREPROCESSOR_DEFINITIONS = (
					"DEBUG=1",
					"$(inherited)",
				);
				GCC_WARN_64_TO_32_BIT_CONVERSION = YES;
				GCC_WARN_ABOUT_RETURN_TYPE = YES_ERROR;
				GCC_WARN_UNDECLARED_SELECTOR = YES;
				GCC_WARN_UNINITIALIZED_AUTOS = YES_AGGRESSIVE;
				GCC_WARN_UNUSED_FUNCTION = YES;
				GCC_WARN_UNUSED_VARIABLE = YES;
				GENERATE_INFOPLIST_FILE = YES;
				INFOPLIST_FILE = DigitalCredentialProvider/Info.plist;
				INFOPLIST_KEY_CFBundleDisplayName = WalletDocumentProvider;
				INFOPLIST_KEY_NSFaceIDUsageDescription = "Allow Face ID to access stored credentials";
				INFOPLIST_KEY_NSHumanReadableCopyright = "";
				IPHONEOS_DEPLOYMENT_TARGET = 26.2;
				LD_RUNPATH_SEARCH_PATHS = (
					"$(inherited)",
					"@executable_path/Frameworks",
					"@executable_path/../../Frameworks",
				);
				LOCALIZATION_PREFERS_STRING_CATALOGS = YES;
				MARKETING_VERSION = 2026.6.2;
				MTL_ENABLE_DEBUG_INFO = INCLUDE_SOURCE;
				MTL_FAST_MATH = YES;
				ONLY_ACTIVE_ARCH = YES;
				PRODUCT_BUNDLE_IDENTIFIER = tsi.com.scytales.av.dev.digitalcredentialprovider;
				PRODUCT_NAME = "$(TARGET_NAME)";
				PROVISIONING_PROFILE_SPECIFIER = "";
				SDKROOT = iphoneos;
				SHARED_APP_GROUP_IDENTIFIER = tsi.com.scytales.av.dev;
				SKIP_INSTALL = YES;
				STRING_CATALOG_GENERATE_SYMBOLS = YES;
				SWIFT_ACTIVE_COMPILATION_CONDITIONS = "DEBUG $(inherited)";
				SWIFT_APPROACHABLE_CONCURRENCY = YES;
				SWIFT_EMIT_LOC_STRINGS = YES;
				SWIFT_OPTIMIZATION_LEVEL = "-Onone";
				SWIFT_UPCOMING_FEATURE_MEMBER_IMPORT_VISIBILITY = YES;
				SWIFT_VERSION = 5.0;
				TARGETED_DEVICE_FAMILY = "1,2";
			};
			name = "Debug Dev";
		};
		2EA768A42EC9A6F0007F5DED /* Debug Demo */ = {
			isa = XCBuildConfiguration;
			buildSettings = {
				ALWAYS_SEARCH_USER_PATHS = NO;
				APP_TEAM_ID = 9FH6TNGWF2;
				ASSETCATALOG_COMPILER_GENERATE_SWIFT_ASSET_SYMBOL_EXTENSIONS = YES;
				CLANG_ANALYZER_NONNULL = YES;
				CLANG_ANALYZER_NUMBER_OBJECT_CONVERSION = YES_AGGRESSIVE;
				CLANG_CXX_LANGUAGE_STANDARD = "gnu++20";
				CLANG_ENABLE_MODULES = YES;
				CLANG_ENABLE_OBJC_ARC = YES;
				CLANG_ENABLE_OBJC_WEAK = YES;
				CLANG_WARN_BLOCK_CAPTURE_AUTORELEASING = YES;
				CLANG_WARN_BOOL_CONVERSION = YES;
				CLANG_WARN_COMMA = YES;
				CLANG_WARN_CONSTANT_CONVERSION = YES;
				CLANG_WARN_DEPRECATED_OBJC_IMPLEMENTATIONS = YES;
				CLANG_WARN_DIRECT_OBJC_ISA_USAGE = YES_ERROR;
				CLANG_WARN_DOCUMENTATION_COMMENTS = YES;
				CLANG_WARN_EMPTY_BODY = YES;
				CLANG_WARN_ENUM_CONVERSION = YES;
				CLANG_WARN_INFINITE_RECURSION = YES;
				CLANG_WARN_INT_CONVERSION = YES;
				CLANG_WARN_NON_LITERAL_NULL_CONVERSION = YES;
				CLANG_WARN_OBJC_IMPLICIT_RETAIN_SELF = YES;
				CLANG_WARN_OBJC_LITERAL_CONVERSION = YES;
				CLANG_WARN_OBJC_ROOT_CLASS = YES_ERROR;
				CLANG_WARN_QUOTED_INCLUDE_IN_FRAMEWORK_HEADER = YES;
				CLANG_WARN_RANGE_LOOP_ANALYSIS = YES;
				CLANG_WARN_STRICT_PROTOTYPES = YES;
				CLANG_WARN_SUSPICIOUS_MOVE = YES;
				CLANG_WARN_UNGUARDED_AVAILABILITY = YES_AGGRESSIVE;
				CLANG_WARN_UNREACHABLE_CODE = YES;
				CLANG_WARN__DUPLICATE_METHOD_MATCH = YES;
				CODE_SIGN_ENTITLEMENTS = DigitalCredentialProvider/DigitalCredentialProvider.entitlements;
				CODE_SIGN_IDENTITY = "Apple Development";
				CODE_SIGN_STYLE = Automatic;
				COPY_PHASE_STRIP = NO;
				CURRENT_PROJECT_VERSION = 1;
				DEBUG_INFORMATION_FORMAT = dwarf;
				DEVELOPMENT_TEAM = 9FH6TNGWF2;
				ENABLE_STRICT_OBJC_MSGSEND = YES;
				ENABLE_TESTABILITY = YES;
				ENABLE_USER_SCRIPT_SANDBOXING = YES;
				GCC_C_LANGUAGE_STANDARD = gnu17;
				GCC_DYNAMIC_NO_PIC = NO;
				GCC_NO_COMMON_BLOCKS = YES;
				GCC_OPTIMIZATION_LEVEL = 0;
				GCC_PREPROCESSOR_DEFINITIONS = (
					"DEBUG=1",
					"$(inherited)",
				);
				GCC_WARN_64_TO_32_BIT_CONVERSION = YES;
				GCC_WARN_ABOUT_RETURN_TYPE = YES_ERROR;
				GCC_WARN_UNDECLARED_SELECTOR = YES;
				GCC_WARN_UNINITIALIZED_AUTOS = YES_AGGRESSIVE;
				GCC_WARN_UNUSED_FUNCTION = YES;
				GCC_WARN_UNUSED_VARIABLE = YES;
				GENERATE_INFOPLIST_FILE = YES;
				INFOPLIST_FILE = DigitalCredentialProvider/Info.plist;
				INFOPLIST_KEY_CFBundleDisplayName = WalletDocumentProvider;
				INFOPLIST_KEY_NSFaceIDUsageDescription = "Allow Face ID to access stored credentials";
				INFOPLIST_KEY_NSHumanReadableCopyright = "";
				IPHONEOS_DEPLOYMENT_TARGET = 26.2;
				LD_RUNPATH_SEARCH_PATHS = (
					"$(inherited)",
					"@executable_path/Frameworks",
					"@executable_path/../../Frameworks",
				);
				LOCALIZATION_PREFERS_STRING_CATALOGS = YES;
				MARKETING_VERSION = 2026.6.2;
				MTL_ENABLE_DEBUG_INFO = INCLUDE_SOURCE;
				MTL_FAST_MATH = YES;
				ONLY_ACTIVE_ARCH = YES;
				PRODUCT_BUNDLE_IDENTIFIER = tsi.com.scytales.av.digitalcredentialprovider;
				PRODUCT_NAME = "$(TARGET_NAME)";
				PROVISIONING_PROFILE_SPECIFIER = "";
				SDKROOT = iphoneos;
				SHARED_APP_GROUP_IDENTIFIER = tsi.com.scytales.av;
				SKIP_INSTALL = YES;
				STRING_CATALOG_GENERATE_SYMBOLS = YES;
				SWIFT_ACTIVE_COMPILATION_CONDITIONS = "DEBUG $(inherited)";
				SWIFT_APPROACHABLE_CONCURRENCY = YES;
				SWIFT_EMIT_LOC_STRINGS = YES;
				SWIFT_OPTIMIZATION_LEVEL = "-Onone";
				SWIFT_UPCOMING_FEATURE_MEMBER_IMPORT_VISIBILITY = YES;
				SWIFT_VERSION = 5.0;
				TARGETED_DEVICE_FAMILY = "1,2";
			};
			name = "Debug Demo";
		};
		2EA768A52EC9A6F0007F5DED /* Release Dev */ = {
			isa = XCBuildConfiguration;
			buildSettings = {
				ALWAYS_SEARCH_USER_PATHS = NO;
				APP_TEAM_ID = 9FH6TNGWF2;
				ASSETCATALOG_COMPILER_GENERATE_SWIFT_ASSET_SYMBOL_EXTENSIONS = YES;
				CLANG_ANALYZER_NONNULL = YES;
				CLANG_ANALYZER_NUMBER_OBJECT_CONVERSION = YES_AGGRESSIVE;
				CLANG_CXX_LANGUAGE_STANDARD = "gnu++20";
				CLANG_ENABLE_MODULES = YES;
				CLANG_ENABLE_OBJC_ARC = YES;
				CLANG_ENABLE_OBJC_WEAK = YES;
				CLANG_WARN_BLOCK_CAPTURE_AUTORELEASING = YES;
				CLANG_WARN_BOOL_CONVERSION = YES;
				CLANG_WARN_COMMA = YES;
				CLANG_WARN_CONSTANT_CONVERSION = YES;
				CLANG_WARN_DEPRECATED_OBJC_IMPLEMENTATIONS = YES;
				CLANG_WARN_DIRECT_OBJC_ISA_USAGE = YES_ERROR;
				CLANG_WARN_DOCUMENTATION_COMMENTS = YES;
				CLANG_WARN_EMPTY_BODY = YES;
				CLANG_WARN_ENUM_CONVERSION = YES;
				CLANG_WARN_INFINITE_RECURSION = YES;
				CLANG_WARN_INT_CONVERSION = YES;
				CLANG_WARN_NON_LITERAL_NULL_CONVERSION = YES;
				CLANG_WARN_OBJC_IMPLICIT_RETAIN_SELF = YES;
				CLANG_WARN_OBJC_LITERAL_CONVERSION = YES;
				CLANG_WARN_OBJC_ROOT_CLASS = YES_ERROR;
				CLANG_WARN_QUOTED_INCLUDE_IN_FRAMEWORK_HEADER = YES;
				CLANG_WARN_RANGE_LOOP_ANALYSIS = YES;
				CLANG_WARN_STRICT_PROTOTYPES = YES;
				CLANG_WARN_SUSPICIOUS_MOVE = YES;
				CLANG_WARN_UNGUARDED_AVAILABILITY = YES_AGGRESSIVE;
				CLANG_WARN_UNREACHABLE_CODE = YES;
				CLANG_WARN__DUPLICATE_METHOD_MATCH = YES;
				CODE_SIGN_ENTITLEMENTS = DigitalCredentialProvider/DigitalCredentialProvider.entitlements;
				CODE_SIGN_IDENTITY = "Apple Development";
				CODE_SIGN_STYLE = Automatic;
				COPY_PHASE_STRIP = NO;
				CURRENT_PROJECT_VERSION = 1;
				DEBUG_INFORMATION_FORMAT = "dwarf-with-dsym";
				DEVELOPMENT_TEAM = 9FH6TNGWF2;
				ENABLE_NS_ASSERTIONS = NO;
				ENABLE_STRICT_OBJC_MSGSEND = YES;
				ENABLE_USER_SCRIPT_SANDBOXING = YES;
				GCC_C_LANGUAGE_STANDARD = gnu17;
				GCC_NO_COMMON_BLOCKS = YES;
				GCC_WARN_64_TO_32_BIT_CONVERSION = YES;
				GCC_WARN_ABOUT_RETURN_TYPE = YES_ERROR;
				GCC_WARN_UNDECLARED_SELECTOR = YES;
				GCC_WARN_UNINITIALIZED_AUTOS = YES_AGGRESSIVE;
				GCC_WARN_UNUSED_FUNCTION = YES;
				GCC_WARN_UNUSED_VARIABLE = YES;
				GENERATE_INFOPLIST_FILE = YES;
				INFOPLIST_FILE = DigitalCredentialProvider/Info.plist;
				INFOPLIST_KEY_CFBundleDisplayName = WalletDocumentProvider;
				INFOPLIST_KEY_NSFaceIDUsageDescription = "Allow Face ID to access stored credentials";
				INFOPLIST_KEY_NSHumanReadableCopyright = "";
				IPHONEOS_DEPLOYMENT_TARGET = 26.2;
				LD_RUNPATH_SEARCH_PATHS = (
					"$(inherited)",
					"@executable_path/Frameworks",
					"@executable_path/../../Frameworks",
				);
				LOCALIZATION_PREFERS_STRING_CATALOGS = YES;
				MARKETING_VERSION = 2026.6.2;
				MTL_ENABLE_DEBUG_INFO = NO;
				MTL_FAST_MATH = YES;
				PRODUCT_BUNDLE_IDENTIFIER = tsi.com.scytales.av.dev.digitalcredentialprovider;
				PRODUCT_NAME = "$(TARGET_NAME)";
				PROVISIONING_PROFILE_SPECIFIER = "";
				SDKROOT = iphoneos;
				SHARED_APP_GROUP_IDENTIFIER = tsi.com.scytales.av.dev;
				SKIP_INSTALL = YES;
				STRING_CATALOG_GENERATE_SYMBOLS = YES;
				SWIFT_APPROACHABLE_CONCURRENCY = YES;
				SWIFT_COMPILATION_MODE = wholemodule;
				SWIFT_EMIT_LOC_STRINGS = YES;
				SWIFT_UPCOMING_FEATURE_MEMBER_IMPORT_VISIBILITY = YES;
				SWIFT_VERSION = 5.0;
				TARGETED_DEVICE_FAMILY = "1,2";
				VALIDATE_PRODUCT = YES;
			};
			name = "Release Dev";
		};
		2EA768A62EC9A6F0007F5DED /* Release Demo */ = {
			isa = XCBuildConfiguration;
			buildSettings = {
				ALWAYS_SEARCH_USER_PATHS = NO;
				APP_TEAM_ID = QS5HDV4ZS9;
				ASSETCATALOG_COMPILER_GENERATE_SWIFT_ASSET_SYMBOL_EXTENSIONS = YES;
				CLANG_ANALYZER_NONNULL = YES;
				CLANG_ANALYZER_NUMBER_OBJECT_CONVERSION = YES_AGGRESSIVE;
				CLANG_CXX_LANGUAGE_STANDARD = "gnu++20";
				CLANG_ENABLE_MODULES = YES;
				CLANG_ENABLE_OBJC_ARC = YES;
				CLANG_ENABLE_OBJC_WEAK = YES;
				CLANG_WARN_BLOCK_CAPTURE_AUTORELEASING = YES;
				CLANG_WARN_BOOL_CONVERSION = YES;
				CLANG_WARN_COMMA = YES;
				CLANG_WARN_CONSTANT_CONVERSION = YES;
				CLANG_WARN_DEPRECATED_OBJC_IMPLEMENTATIONS = YES;
				CLANG_WARN_DIRECT_OBJC_ISA_USAGE = YES_ERROR;
				CLANG_WARN_DOCUMENTATION_COMMENTS = YES;
				CLANG_WARN_EMPTY_BODY = YES;
				CLANG_WARN_ENUM_CONVERSION = YES;
				CLANG_WARN_INFINITE_RECURSION = YES;
				CLANG_WARN_INT_CONVERSION = YES;
				CLANG_WARN_NON_LITERAL_NULL_CONVERSION = YES;
				CLANG_WARN_OBJC_IMPLICIT_RETAIN_SELF = YES;
				CLANG_WARN_OBJC_LITERAL_CONVERSION = YES;
				CLANG_WARN_OBJC_ROOT_CLASS = YES_ERROR;
				CLANG_WARN_QUOTED_INCLUDE_IN_FRAMEWORK_HEADER = YES;
				CLANG_WARN_RANGE_LOOP_ANALYSIS = YES;
				CLANG_WARN_STRICT_PROTOTYPES = YES;
				CLANG_WARN_SUSPICIOUS_MOVE = YES;
				CLANG_WARN_UNGUARDED_AVAILABILITY = YES_AGGRESSIVE;
				CLANG_WARN_UNREACHABLE_CODE = YES;
				CLANG_WARN__DUPLICATE_METHOD_MATCH = YES;
				CODE_SIGN_ENTITLEMENTS = DigitalCredentialProvider/DigitalCredentialProvider.entitlements;
				CODE_SIGN_IDENTITY = "Apple Development";
				CODE_SIGN_STYLE = Automatic;
				COPY_PHASE_STRIP = NO;
				CURRENT_PROJECT_VERSION = 1;
				DEBUG_INFORMATION_FORMAT = "dwarf-with-dsym";
				DEVELOPMENT_TEAM = QS5HDV4ZS9;
				ENABLE_NS_ASSERTIONS = NO;
				ENABLE_STRICT_OBJC_MSGSEND = YES;
				ENABLE_USER_SCRIPT_SANDBOXING = YES;
				GCC_C_LANGUAGE_STANDARD = gnu17;
				GCC_NO_COMMON_BLOCKS = YES;
				GCC_WARN_64_TO_32_BIT_CONVERSION = YES;
				GCC_WARN_ABOUT_RETURN_TYPE = YES_ERROR;
				GCC_WARN_UNDECLARED_SELECTOR = YES;
				GCC_WARN_UNINITIALIZED_AUTOS = YES_AGGRESSIVE;
				GCC_WARN_UNUSED_FUNCTION = YES;
				GCC_WARN_UNUSED_VARIABLE = YES;
				GENERATE_INFOPLIST_FILE = YES;
				INFOPLIST_FILE = DigitalCredentialProvider/Info.plist;
				INFOPLIST_KEY_CFBundleDisplayName = WalletDocumentProvider;
				INFOPLIST_KEY_NSFaceIDUsageDescription = "Allow Face ID to access stored credentials";
				INFOPLIST_KEY_NSHumanReadableCopyright = "";
				IPHONEOS_DEPLOYMENT_TARGET = 26.2;
				LD_RUNPATH_SEARCH_PATHS = (
					"$(inherited)",
					"@executable_path/Frameworks",
					"@executable_path/../../Frameworks",
				);
				LOCALIZATION_PREFERS_STRING_CATALOGS = YES;
				MARKETING_VERSION = 2026.6.2;
				MTL_ENABLE_DEBUG_INFO = NO;
				MTL_FAST_MATH = YES;
				PRODUCT_BUNDLE_IDENTIFIER = com.scytales.av.digitalcredentialprovider;
				PRODUCT_NAME = "$(TARGET_NAME)";
				SDKROOT = iphoneos;
				SHARED_APP_GROUP_IDENTIFIER = com.scytales.av;
				SKIP_INSTALL = YES;
				STRING_CATALOG_GENERATE_SYMBOLS = YES;
				SWIFT_APPROACHABLE_CONCURRENCY = YES;
				SWIFT_COMPILATION_MODE = wholemodule;
				SWIFT_EMIT_LOC_STRINGS = YES;
				SWIFT_UPCOMING_FEATURE_MEMBER_IMPORT_VISIBILITY = YES;
				SWIFT_VERSION = 5.0;
				TARGETED_DEVICE_FAMILY = "1,2";
				VALIDATE_PRODUCT = YES;
			};
			name = "Release Demo";
		};
		F0E39F512B7A678200F162E9 /* Debug Demo */ = {
			isa = XCBuildConfiguration;
			buildSettings = {
				ALWAYS_SEARCH_USER_PATHS = NO;
				ASSETCATALOG_COMPILER_GENERATE_SWIFT_ASSET_SYMBOL_EXTENSIONS = YES;
				CLANG_ANALYZER_NONNULL = YES;
				CLANG_ANALYZER_NUMBER_OBJECT_CONVERSION = YES_AGGRESSIVE;
				CLANG_CXX_LANGUAGE_STANDARD = "gnu++20";
				CLANG_ENABLE_MODULES = YES;
				CLANG_ENABLE_OBJC_ARC = YES;
				CLANG_ENABLE_OBJC_WEAK = YES;
				CLANG_WARN_BLOCK_CAPTURE_AUTORELEASING = YES;
				CLANG_WARN_BOOL_CONVERSION = YES;
				CLANG_WARN_COMMA = YES;
				CLANG_WARN_CONSTANT_CONVERSION = YES;
				CLANG_WARN_DEPRECATED_OBJC_IMPLEMENTATIONS = YES;
				CLANG_WARN_DIRECT_OBJC_ISA_USAGE = YES_ERROR;
				CLANG_WARN_DOCUMENTATION_COMMENTS = YES;
				CLANG_WARN_EMPTY_BODY = YES;
				CLANG_WARN_ENUM_CONVERSION = YES;
				CLANG_WARN_INFINITE_RECURSION = YES;
				CLANG_WARN_INT_CONVERSION = YES;
				CLANG_WARN_NON_LITERAL_NULL_CONVERSION = YES;
				CLANG_WARN_OBJC_IMPLICIT_RETAIN_SELF = YES;
				CLANG_WARN_OBJC_LITERAL_CONVERSION = YES;
				CLANG_WARN_OBJC_ROOT_CLASS = YES_ERROR;
				CLANG_WARN_QUOTED_INCLUDE_IN_FRAMEWORK_HEADER = YES;
				CLANG_WARN_RANGE_LOOP_ANALYSIS = YES;
				CLANG_WARN_STRICT_PROTOTYPES = YES;
				CLANG_WARN_SUSPICIOUS_MOVE = YES;
				CLANG_WARN_UNGUARDED_AVAILABILITY = YES_AGGRESSIVE;
				CLANG_WARN_UNREACHABLE_CODE = YES;
				CLANG_WARN__DUPLICATE_METHOD_MATCH = YES;
				COPY_PHASE_STRIP = NO;
				DEBUG_INFORMATION_FORMAT = dwarf;
				ENABLE_STRICT_OBJC_MSGSEND = YES;
				ENABLE_TESTABILITY = YES;
				ENABLE_USER_SCRIPT_SANDBOXING = YES;
				GCC_C_LANGUAGE_STANDARD = gnu17;
				GCC_DYNAMIC_NO_PIC = NO;
				GCC_NO_COMMON_BLOCKS = YES;
				GCC_OPTIMIZATION_LEVEL = 0;
				GCC_PREPROCESSOR_DEFINITIONS = (
					"DEBUG=1",
					"$(inherited)",
				);
				GCC_WARN_64_TO_32_BIT_CONVERSION = YES;
				GCC_WARN_ABOUT_RETURN_TYPE = YES_ERROR;
				GCC_WARN_UNDECLARED_SELECTOR = YES;
				GCC_WARN_UNINITIALIZED_AUTOS = YES_AGGRESSIVE;
				GCC_WARN_UNUSED_FUNCTION = YES;
				GCC_WARN_UNUSED_VARIABLE = YES;
				IPHONEOS_DEPLOYMENT_TARGET = 17.6;
				LOCALIZATION_PREFERS_STRING_CATALOGS = YES;
				MTL_ENABLE_DEBUG_INFO = INCLUDE_SOURCE;
				MTL_FAST_MATH = YES;
				ONLY_ACTIVE_ARCH = YES;
				SDKROOT = iphoneos;
				SWIFT_ACTIVE_COMPILATION_CONDITIONS = "DEBUG $(inherited)";
				SWIFT_OPTIMIZATION_LEVEL = "-Onone";
			};
			name = "Debug Demo";
		};
		F0E39F522B7A678200F162E9 /* Debug Demo */ = {
			isa = XCBuildConfiguration;
			baseConfigurationReference = F1CACAE12AC3098C00B40DED /* WalletDemo.xcconfig */;
			buildSettings = {
				APP_TEAM_ID = 9FH6TNGWF2;
				ASSETCATALOG_COMPILER_APPICON_NAME = AppIcon;
				ASSETCATALOG_COMPILER_GLOBAL_ACCENT_COLOR_NAME = AccentColor;
				CODE_SIGN_ENTITLEMENTS = AgeVerification.entitlements;
				CODE_SIGN_IDENTITY = "Apple Development";
				CODE_SIGN_STYLE = Automatic;
				CURRENT_PROJECT_VERSION = 1;
				DEBUG_INFORMATION_FORMAT = "dwarf-with-dsym";
				DEVELOPMENT_ASSET_PATHS = "Wallet/Preview\\ Content";
				DEVELOPMENT_TEAM = 9FH6TNGWF2;
				ENABLE_PREVIEWS = YES;
				ENABLE_TESTING_SEARCH_PATHS = YES;
				ENABLE_USER_SCRIPT_SANDBOXING = NO;
				GENERATE_INFOPLIST_FILE = YES;
				INFOPLIST_FILE = Wallet/Wallet.plist;
				INFOPLIST_KEY_CFBundleDisplayName = "Age Verification";
				INFOPLIST_KEY_ITSAppUsesNonExemptEncryption = NO;
				INFOPLIST_KEY_LSApplicationCategoryType = "public.app-category.productivity";
				INFOPLIST_KEY_NFCReaderUsageDescription = "We need access to NFC to read your passport or ID document data including biometric information";
				INFOPLIST_KEY_NSBluetoothAlwaysUsageDescription = "Share mdoc using BLE peripheral mode";
				INFOPLIST_KEY_NSCameraUsageDescription = "We need camera access to scan your passport/ID card and QR Codes";
				INFOPLIST_KEY_NSFaceIDUsageDescription = "Allow Face ID to access stored credentials";
				INFOPLIST_KEY_NSIdentityUsageDescription = "Allow Age Verification app to access age data";
				INFOPLIST_KEY_UIApplicationSceneManifest_Generation = YES;
				INFOPLIST_KEY_UIApplicationSupportsIndirectInputEvents = YES;
				INFOPLIST_KEY_UILaunchScreen_Generation = YES;
				INFOPLIST_KEY_UISupportedInterfaceOrientations = UIInterfaceOrientationPortrait;
				INFOPLIST_KEY_UISupportedInterfaceOrientations_iPad = "UIInterfaceOrientationLandscapeLeft UIInterfaceOrientationLandscapeRight UIInterfaceOrientationPortrait";
				IPHONEOS_DEPLOYMENT_TARGET = 26.2;
				LD_RUNPATH_SEARCH_PATHS = (
					"$(inherited)",
					"@executable_path/Frameworks",
				);
				MACOSX_DEPLOYMENT_TARGET = 26.0;
				MARKETING_VERSION = 2026.6.2;
				PRODUCT_BUNDLE_IDENTIFIER = tsi.com.scytales.av;
				PRODUCT_NAME = "$(TARGET_NAME)";
				PROVISIONING_PROFILE_SPECIFIER = "";
				SHARED_APP_GROUP_IDENTIFIER = tsi.com.scytales.av;
				SUPPORTED_PLATFORMS = "iphoneos iphonesimulator";
				SUPPORTS_MACCATALYST = NO;
				SUPPORTS_MAC_DESIGNED_FOR_IPHONE_IPAD = NO;
				SWIFT_EMIT_LOC_STRINGS = YES;
				SWIFT_VERSION = 6.0;
				TARGETED_DEVICE_FAMILY = 1;
				TVOS_DEPLOYMENT_TARGET = 17.6;
				WATCHOS_DEPLOYMENT_TARGET = 26.0;
				XROS_DEPLOYMENT_TARGET = 26.0;
			};
			name = "Debug Demo";
		};
		F0E39F532B7A678D00F162E9 /* Release Demo */ = {
			isa = XCBuildConfiguration;
			buildSettings = {
				ALWAYS_SEARCH_USER_PATHS = NO;
				ASSETCATALOG_COMPILER_GENERATE_SWIFT_ASSET_SYMBOL_EXTENSIONS = YES;
				CLANG_ANALYZER_NONNULL = YES;
				CLANG_ANALYZER_NUMBER_OBJECT_CONVERSION = YES_AGGRESSIVE;
				CLANG_CXX_LANGUAGE_STANDARD = "gnu++20";
				CLANG_ENABLE_MODULES = YES;
				CLANG_ENABLE_OBJC_ARC = YES;
				CLANG_ENABLE_OBJC_WEAK = YES;
				CLANG_WARN_BLOCK_CAPTURE_AUTORELEASING = YES;
				CLANG_WARN_BOOL_CONVERSION = YES;
				CLANG_WARN_COMMA = YES;
				CLANG_WARN_CONSTANT_CONVERSION = YES;
				CLANG_WARN_DEPRECATED_OBJC_IMPLEMENTATIONS = YES;
				CLANG_WARN_DIRECT_OBJC_ISA_USAGE = YES_ERROR;
				CLANG_WARN_DOCUMENTATION_COMMENTS = YES;
				CLANG_WARN_EMPTY_BODY = YES;
				CLANG_WARN_ENUM_CONVERSION = YES;
				CLANG_WARN_INFINITE_RECURSION = YES;
				CLANG_WARN_INT_CONVERSION = YES;
				CLANG_WARN_NON_LITERAL_NULL_CONVERSION = YES;
				CLANG_WARN_OBJC_IMPLICIT_RETAIN_SELF = YES;
				CLANG_WARN_OBJC_LITERAL_CONVERSION = YES;
				CLANG_WARN_OBJC_ROOT_CLASS = YES_ERROR;
				CLANG_WARN_QUOTED_INCLUDE_IN_FRAMEWORK_HEADER = YES;
				CLANG_WARN_RANGE_LOOP_ANALYSIS = YES;
				CLANG_WARN_STRICT_PROTOTYPES = YES;
				CLANG_WARN_SUSPICIOUS_MOVE = YES;
				CLANG_WARN_UNGUARDED_AVAILABILITY = YES_AGGRESSIVE;
				CLANG_WARN_UNREACHABLE_CODE = YES;
				CLANG_WARN__DUPLICATE_METHOD_MATCH = YES;
				COPY_PHASE_STRIP = NO;
				DEBUG_INFORMATION_FORMAT = "dwarf-with-dsym";
				ENABLE_NS_ASSERTIONS = NO;
				ENABLE_STRICT_OBJC_MSGSEND = YES;
				ENABLE_USER_SCRIPT_SANDBOXING = YES;
				GCC_C_LANGUAGE_STANDARD = gnu17;
				GCC_NO_COMMON_BLOCKS = YES;
				GCC_WARN_64_TO_32_BIT_CONVERSION = YES;
				GCC_WARN_ABOUT_RETURN_TYPE = YES_ERROR;
				GCC_WARN_UNDECLARED_SELECTOR = YES;
				GCC_WARN_UNINITIALIZED_AUTOS = YES_AGGRESSIVE;
				GCC_WARN_UNUSED_FUNCTION = YES;
				GCC_WARN_UNUSED_VARIABLE = YES;
				IPHONEOS_DEPLOYMENT_TARGET = 17.6;
				LOCALIZATION_PREFERS_STRING_CATALOGS = YES;
				MTL_ENABLE_DEBUG_INFO = NO;
				MTL_FAST_MATH = YES;
				SDKROOT = iphoneos;
				SWIFT_COMPILATION_MODE = wholemodule;
				VALIDATE_PRODUCT = YES;
			};
			name = "Release Demo";
		};
		F0E39F542B7A678D00F162E9 /* Release Demo */ = {
			isa = XCBuildConfiguration;
			baseConfigurationReference = F02921612B8E07870076A58B /* WalletDemoRelease.xcconfig */;
			buildSettings = {
				APP_TEAM_ID = QS5HDV4ZS9;
				ASSETCATALOG_COMPILER_APPICON_NAME = AppIcon;
				ASSETCATALOG_COMPILER_GLOBAL_ACCENT_COLOR_NAME = AccentColor;
				CODE_SIGN_ENTITLEMENTS = AgeVerification.entitlements;
				CODE_SIGN_IDENTITY = "Apple Development";
				CODE_SIGN_STYLE = Automatic;
				CURRENT_PROJECT_VERSION = 1;
				DEVELOPMENT_ASSET_PATHS = "Wallet/Preview\\ Content";
				DEVELOPMENT_TEAM = QS5HDV4ZS9;
				ENABLE_PREVIEWS = YES;
				ENABLE_TESTING_SEARCH_PATHS = YES;
				ENABLE_USER_SCRIPT_SANDBOXING = NO;
				GENERATE_INFOPLIST_FILE = YES;
				INFOPLIST_FILE = Wallet/Wallet.plist;
				INFOPLIST_KEY_CFBundleDisplayName = "Age Verification";
				INFOPLIST_KEY_ITSAppUsesNonExemptEncryption = NO;
				INFOPLIST_KEY_LSApplicationCategoryType = "public.app-category.productivity";
				INFOPLIST_KEY_NFCReaderUsageDescription = "We need access to NFC to read your passport or ID document data including biometric information";
				INFOPLIST_KEY_NSBluetoothAlwaysUsageDescription = "Share mdoc using BLE peripheral mode";
				INFOPLIST_KEY_NSCameraUsageDescription = "We need camera access to scan your passport/ID card and QR Codes";
				INFOPLIST_KEY_NSFaceIDUsageDescription = "Allow Face ID to access stored credentials";
				INFOPLIST_KEY_NSIdentityUsageDescription = "Allow Age Verification app to access age data";
				INFOPLIST_KEY_UIApplicationSceneManifest_Generation = YES;
				INFOPLIST_KEY_UIApplicationSupportsIndirectInputEvents = YES;
				INFOPLIST_KEY_UILaunchScreen_Generation = YES;
				INFOPLIST_KEY_UISupportedInterfaceOrientations = UIInterfaceOrientationPortrait;
				INFOPLIST_KEY_UISupportedInterfaceOrientations_iPad = "UIInterfaceOrientationLandscapeLeft UIInterfaceOrientationLandscapeRight UIInterfaceOrientationPortrait";
				IPHONEOS_DEPLOYMENT_TARGET = 26.2;
				LD_RUNPATH_SEARCH_PATHS = (
					"$(inherited)",
					"@executable_path/Frameworks",
				);
				MACOSX_DEPLOYMENT_TARGET = 26.0;
				MARKETING_VERSION = 2026.6.2;
				PRODUCT_BUNDLE_IDENTIFIER = com.scytales.av;
				PRODUCT_NAME = "$(TARGET_NAME)";
				PROVISIONING_PROFILE_SPECIFIER = "";
				SHARED_APP_GROUP_IDENTIFIER = com.scytales.av;
				SUPPORTED_PLATFORMS = "iphoneos iphonesimulator";
				SUPPORTS_MACCATALYST = NO;
				SUPPORTS_MAC_DESIGNED_FOR_IPHONE_IPAD = NO;
				SWIFT_ACTIVE_COMPILATION_CONDITIONS = RELEASE;
				SWIFT_EMIT_LOC_STRINGS = YES;
				SWIFT_VERSION = 6.0;
				TARGETED_DEVICE_FAMILY = 1;
				TVOS_DEPLOYMENT_TARGET = 17.6;
				WATCHOS_DEPLOYMENT_TARGET = 26.0;
				XROS_DEPLOYMENT_TARGET = 26.0;
			};
			name = "Release Demo";
		};
		F14907DA2ABAF55000DDFE56 /* Debug Dev */ = {
			isa = XCBuildConfiguration;
			buildSettings = {
				ALWAYS_SEARCH_USER_PATHS = NO;
				ASSETCATALOG_COMPILER_GENERATE_SWIFT_ASSET_SYMBOL_EXTENSIONS = YES;
				CLANG_ANALYZER_NONNULL = YES;
				CLANG_ANALYZER_NUMBER_OBJECT_CONVERSION = YES_AGGRESSIVE;
				CLANG_CXX_LANGUAGE_STANDARD = "gnu++20";
				CLANG_ENABLE_MODULES = YES;
				CLANG_ENABLE_OBJC_ARC = YES;
				CLANG_ENABLE_OBJC_WEAK = YES;
				CLANG_WARN_BLOCK_CAPTURE_AUTORELEASING = YES;
				CLANG_WARN_BOOL_CONVERSION = YES;
				CLANG_WARN_COMMA = YES;
				CLANG_WARN_CONSTANT_CONVERSION = YES;
				CLANG_WARN_DEPRECATED_OBJC_IMPLEMENTATIONS = YES;
				CLANG_WARN_DIRECT_OBJC_ISA_USAGE = YES_ERROR;
				CLANG_WARN_DOCUMENTATION_COMMENTS = YES;
				CLANG_WARN_EMPTY_BODY = YES;
				CLANG_WARN_ENUM_CONVERSION = YES;
				CLANG_WARN_INFINITE_RECURSION = YES;
				CLANG_WARN_INT_CONVERSION = YES;
				CLANG_WARN_NON_LITERAL_NULL_CONVERSION = YES;
				CLANG_WARN_OBJC_IMPLICIT_RETAIN_SELF = YES;
				CLANG_WARN_OBJC_LITERAL_CONVERSION = YES;
				CLANG_WARN_OBJC_ROOT_CLASS = YES_ERROR;
				CLANG_WARN_QUOTED_INCLUDE_IN_FRAMEWORK_HEADER = YES;
				CLANG_WARN_RANGE_LOOP_ANALYSIS = YES;
				CLANG_WARN_STRICT_PROTOTYPES = YES;
				CLANG_WARN_SUSPICIOUS_MOVE = YES;
				CLANG_WARN_UNGUARDED_AVAILABILITY = YES_AGGRESSIVE;
				CLANG_WARN_UNREACHABLE_CODE = YES;
				CLANG_WARN__DUPLICATE_METHOD_MATCH = YES;
				COPY_PHASE_STRIP = NO;
				DEBUG_INFORMATION_FORMAT = dwarf;
				ENABLE_STRICT_OBJC_MSGSEND = YES;
				ENABLE_TESTABILITY = YES;
				ENABLE_USER_SCRIPT_SANDBOXING = YES;
				GCC_C_LANGUAGE_STANDARD = gnu17;
				GCC_DYNAMIC_NO_PIC = NO;
				GCC_NO_COMMON_BLOCKS = YES;
				GCC_OPTIMIZATION_LEVEL = 0;
				GCC_PREPROCESSOR_DEFINITIONS = (
					"DEBUG=1",
					"$(inherited)",
				);
				GCC_WARN_64_TO_32_BIT_CONVERSION = YES;
				GCC_WARN_ABOUT_RETURN_TYPE = YES_ERROR;
				GCC_WARN_UNDECLARED_SELECTOR = YES;
				GCC_WARN_UNINITIALIZED_AUTOS = YES_AGGRESSIVE;
				GCC_WARN_UNUSED_FUNCTION = YES;
				GCC_WARN_UNUSED_VARIABLE = YES;
				IPHONEOS_DEPLOYMENT_TARGET = 17.6;
				LOCALIZATION_PREFERS_STRING_CATALOGS = YES;
				MTL_ENABLE_DEBUG_INFO = INCLUDE_SOURCE;
				MTL_FAST_MATH = YES;
				ONLY_ACTIVE_ARCH = YES;
				SDKROOT = iphoneos;
				SWIFT_ACTIVE_COMPILATION_CONDITIONS = "DEBUG $(inherited)";
				SWIFT_OPTIMIZATION_LEVEL = "-Onone";
			};
			name = "Debug Dev";
		};
		F14907DB2ABAF55000DDFE56 /* Release Dev */ = {
			isa = XCBuildConfiguration;
			buildSettings = {
				ALWAYS_SEARCH_USER_PATHS = NO;
				ASSETCATALOG_COMPILER_GENERATE_SWIFT_ASSET_SYMBOL_EXTENSIONS = YES;
				CLANG_ANALYZER_NONNULL = YES;
				CLANG_ANALYZER_NUMBER_OBJECT_CONVERSION = YES_AGGRESSIVE;
				CLANG_CXX_LANGUAGE_STANDARD = "gnu++20";
				CLANG_ENABLE_MODULES = YES;
				CLANG_ENABLE_OBJC_ARC = YES;
				CLANG_ENABLE_OBJC_WEAK = YES;
				CLANG_WARN_BLOCK_CAPTURE_AUTORELEASING = YES;
				CLANG_WARN_BOOL_CONVERSION = YES;
				CLANG_WARN_COMMA = YES;
				CLANG_WARN_CONSTANT_CONVERSION = YES;
				CLANG_WARN_DEPRECATED_OBJC_IMPLEMENTATIONS = YES;
				CLANG_WARN_DIRECT_OBJC_ISA_USAGE = YES_ERROR;
				CLANG_WARN_DOCUMENTATION_COMMENTS = YES;
				CLANG_WARN_EMPTY_BODY = YES;
				CLANG_WARN_ENUM_CONVERSION = YES;
				CLANG_WARN_INFINITE_RECURSION = YES;
				CLANG_WARN_INT_CONVERSION = YES;
				CLANG_WARN_NON_LITERAL_NULL_CONVERSION = YES;
				CLANG_WARN_OBJC_IMPLICIT_RETAIN_SELF = YES;
				CLANG_WARN_OBJC_LITERAL_CONVERSION = YES;
				CLANG_WARN_OBJC_ROOT_CLASS = YES_ERROR;
				CLANG_WARN_QUOTED_INCLUDE_IN_FRAMEWORK_HEADER = YES;
				CLANG_WARN_RANGE_LOOP_ANALYSIS = YES;
				CLANG_WARN_STRICT_PROTOTYPES = YES;
				CLANG_WARN_SUSPICIOUS_MOVE = YES;
				CLANG_WARN_UNGUARDED_AVAILABILITY = YES_AGGRESSIVE;
				CLANG_WARN_UNREACHABLE_CODE = YES;
				CLANG_WARN__DUPLICATE_METHOD_MATCH = YES;
				COPY_PHASE_STRIP = NO;
				DEBUG_INFORMATION_FORMAT = "dwarf-with-dsym";
				ENABLE_NS_ASSERTIONS = NO;
				ENABLE_STRICT_OBJC_MSGSEND = YES;
				ENABLE_USER_SCRIPT_SANDBOXING = YES;
				GCC_C_LANGUAGE_STANDARD = gnu17;
				GCC_NO_COMMON_BLOCKS = YES;
				GCC_WARN_64_TO_32_BIT_CONVERSION = YES;
				GCC_WARN_ABOUT_RETURN_TYPE = YES_ERROR;
				GCC_WARN_UNDECLARED_SELECTOR = YES;
				GCC_WARN_UNINITIALIZED_AUTOS = YES_AGGRESSIVE;
				GCC_WARN_UNUSED_FUNCTION = YES;
				GCC_WARN_UNUSED_VARIABLE = YES;
				IPHONEOS_DEPLOYMENT_TARGET = 17.6;
				LOCALIZATION_PREFERS_STRING_CATALOGS = YES;
				MTL_ENABLE_DEBUG_INFO = NO;
				MTL_FAST_MATH = YES;
				SDKROOT = iphoneos;
				SWIFT_COMPILATION_MODE = wholemodule;
				VALIDATE_PRODUCT = YES;
			};
			name = "Release Dev";
		};
		F14907DD2ABAF55000DDFE56 /* Debug Dev */ = {
			isa = XCBuildConfiguration;
			baseConfigurationReference = F1CACADF2AC3097100B40DED /* WalletDev.xcconfig */;
			buildSettings = {
				APP_TEAM_ID = 9FH6TNGWF2;
				ASSETCATALOG_COMPILER_APPICON_NAME = AppIconDev;
				ASSETCATALOG_COMPILER_GLOBAL_ACCENT_COLOR_NAME = AccentColor;
				CODE_SIGN_ENTITLEMENTS = AgeVerification.entitlements;
				CODE_SIGN_IDENTITY = "Apple Development";
				CODE_SIGN_STYLE = Automatic;
				CURRENT_PROJECT_VERSION = 1;
				DEBUG_INFORMATION_FORMAT = "dwarf-with-dsym";
				DEVELOPMENT_ASSET_PATHS = "Wallet/Preview\\ Content";
				DEVELOPMENT_TEAM = 9FH6TNGWF2;
				ENABLE_PREVIEWS = YES;
				ENABLE_TESTING_SEARCH_PATHS = YES;
				ENABLE_USER_SCRIPT_SANDBOXING = NO;
				GENERATE_INFOPLIST_FILE = YES;
				INFOPLIST_FILE = Wallet/Wallet.plist;
				INFOPLIST_KEY_CFBundleDisplayName = "Age Verification";
				INFOPLIST_KEY_ITSAppUsesNonExemptEncryption = NO;
				INFOPLIST_KEY_LSApplicationCategoryType = "public.app-category.productivity";
				INFOPLIST_KEY_NFCReaderUsageDescription = "We need access to NFC to read your passport or ID document data including biometric information";
				INFOPLIST_KEY_NSBluetoothAlwaysUsageDescription = "Share mdoc using BLE peripheral mode";
				INFOPLIST_KEY_NSCameraUsageDescription = "We need camera access to scan your passport/ID card and QR Codes";
				INFOPLIST_KEY_NSFaceIDUsageDescription = "Allow Face ID to access stored credentials";
				INFOPLIST_KEY_NSIdentityUsageDescription = "Allow Age Verification app to access age data";
				INFOPLIST_KEY_UIApplicationSceneManifest_Generation = YES;
				INFOPLIST_KEY_UIApplicationSupportsIndirectInputEvents = YES;
				INFOPLIST_KEY_UILaunchScreen_Generation = YES;
				INFOPLIST_KEY_UISupportedInterfaceOrientations = UIInterfaceOrientationPortrait;
				INFOPLIST_KEY_UISupportedInterfaceOrientations_iPad = "UIInterfaceOrientationLandscapeLeft UIInterfaceOrientationLandscapeRight UIInterfaceOrientationPortrait";
				IPHONEOS_DEPLOYMENT_TARGET = 26.2;
				LD_RUNPATH_SEARCH_PATHS = (
					"$(inherited)",
					"@executable_path/Frameworks",
				);
				MACOSX_DEPLOYMENT_TARGET = 26.0;
				MARKETING_VERSION = 2026.6.2;
				PRODUCT_BUNDLE_IDENTIFIER = tsi.com.scytales.av.dev;
				PRODUCT_NAME = "$(TARGET_NAME)";
				PROVISIONING_PROFILE_SPECIFIER = "";
				SHARED_APP_GROUP_IDENTIFIER = tsi.com.scytales.av.dev;
				SUPPORTED_PLATFORMS = "iphoneos iphonesimulator";
				SUPPORTS_MACCATALYST = NO;
				SUPPORTS_MAC_DESIGNED_FOR_IPHONE_IPAD = NO;
				SWIFT_EMIT_LOC_STRINGS = YES;
				SWIFT_VERSION = 6.0;
				TARGETED_DEVICE_FAMILY = 1;
				TVOS_DEPLOYMENT_TARGET = 17.6;
				WATCHOS_DEPLOYMENT_TARGET = 26.0;
				XROS_DEPLOYMENT_TARGET = 26.0;
			};
			name = "Debug Dev";
		};
		F14907DE2ABAF55000DDFE56 /* Release Dev */ = {
			isa = XCBuildConfiguration;
			baseConfigurationReference = F02921622B8E07870076A58B /* WalletDevRelease.xcconfig */;
			buildSettings = {
				APP_TEAM_ID = 9FH6TNGWF2;
				ASSETCATALOG_COMPILER_APPICON_NAME = AppIconDev;
				ASSETCATALOG_COMPILER_GLOBAL_ACCENT_COLOR_NAME = AccentColor;
				CODE_SIGN_ENTITLEMENTS = AgeVerification.entitlements;
				CODE_SIGN_IDENTITY = "Apple Development";
				CODE_SIGN_STYLE = Automatic;
				CURRENT_PROJECT_VERSION = 1;
				DEVELOPMENT_ASSET_PATHS = "Wallet/Preview\\ Content";
				DEVELOPMENT_TEAM = 9FH6TNGWF2;
				ENABLE_PREVIEWS = YES;
				ENABLE_TESTING_SEARCH_PATHS = YES;
				ENABLE_USER_SCRIPT_SANDBOXING = NO;
				GENERATE_INFOPLIST_FILE = YES;
				INFOPLIST_FILE = Wallet/Wallet.plist;
				INFOPLIST_KEY_CFBundleDisplayName = "Age Verification";
				INFOPLIST_KEY_ITSAppUsesNonExemptEncryption = NO;
				INFOPLIST_KEY_LSApplicationCategoryType = "public.app-category.productivity";
				INFOPLIST_KEY_NFCReaderUsageDescription = "We need access to NFC to read your passport or ID document data including biometric information";
				INFOPLIST_KEY_NSBluetoothAlwaysUsageDescription = "Share mdoc using BLE peripheral mode";
				INFOPLIST_KEY_NSCameraUsageDescription = "We need camera access to scan your passport/ID card and QR Codes";
				INFOPLIST_KEY_NSFaceIDUsageDescription = "Allow Face ID to access stored credentials";
				INFOPLIST_KEY_NSIdentityUsageDescription = "Allow Age Verification app to access age data";
				INFOPLIST_KEY_UIApplicationSceneManifest_Generation = YES;
				INFOPLIST_KEY_UIApplicationSupportsIndirectInputEvents = YES;
				INFOPLIST_KEY_UILaunchScreen_Generation = YES;
				INFOPLIST_KEY_UISupportedInterfaceOrientations = UIInterfaceOrientationPortrait;
				INFOPLIST_KEY_UISupportedInterfaceOrientations_iPad = "UIInterfaceOrientationLandscapeLeft UIInterfaceOrientationLandscapeRight UIInterfaceOrientationPortrait";
				IPHONEOS_DEPLOYMENT_TARGET = 26.2;
				LD_RUNPATH_SEARCH_PATHS = (
					"$(inherited)",
					"@executable_path/Frameworks",
				);
				MACOSX_DEPLOYMENT_TARGET = 26.0;
				MARKETING_VERSION = 2026.6.2;
				PRODUCT_BUNDLE_IDENTIFIER = tsi.com.scytales.av.dev;
				PRODUCT_NAME = "$(TARGET_NAME)";
				PROVISIONING_PROFILE_SPECIFIER = "";
				SHARED_APP_GROUP_IDENTIFIER = tsi.com.scytales.av.dev;
				SUPPORTED_PLATFORMS = "iphoneos iphonesimulator";
				SUPPORTS_MACCATALYST = NO;
				SUPPORTS_MAC_DESIGNED_FOR_IPHONE_IPAD = NO;
				SWIFT_ACTIVE_COMPILATION_CONDITIONS = RELEASE;
				SWIFT_EMIT_LOC_STRINGS = YES;
				SWIFT_VERSION = 6.0;
				TARGETED_DEVICE_FAMILY = 1;
				TVOS_DEPLOYMENT_TARGET = 17.6;
				WATCHOS_DEPLOYMENT_TARGET = 26.0;
				XROS_DEPLOYMENT_TARGET = 26.0;
			};
			name = "Release Dev";
		};
/* End XCBuildConfiguration section */

/* Begin XCConfigurationList section */
		2EA768A82EC9A6F0007F5DED /* Build configuration list for PBXNativeTarget "DigitalCredentialProvider" */ = {
			isa = XCConfigurationList;
			buildConfigurations = (
				2EA768A32EC9A6F0007F5DED /* Debug Dev */,
				2EA768A42EC9A6F0007F5DED /* Debug Demo */,
				2EA768A52EC9A6F0007F5DED /* Release Dev */,
				2EA768A62EC9A6F0007F5DED /* Release Demo */,
			);
			defaultConfigurationIsVisible = 0;
			defaultConfigurationName = "Release Demo";
		};
		F14907B32ABAF54B00DDFE56 /* Build configuration list for PBXProject "AgeVerification" */ = {
			isa = XCConfigurationList;
			buildConfigurations = (
				F14907DA2ABAF55000DDFE56 /* Debug Dev */,
				F0E39F512B7A678200F162E9 /* Debug Demo */,
				F14907DB2ABAF55000DDFE56 /* Release Dev */,
				F0E39F532B7A678D00F162E9 /* Release Demo */,
			);
			defaultConfigurationIsVisible = 0;
			defaultConfigurationName = "Release Demo";
		};
		F14907DC2ABAF55000DDFE56 /* Build configuration list for PBXNativeTarget "AgeVerification" */ = {
			isa = XCConfigurationList;
			buildConfigurations = (
				F14907DD2ABAF55000DDFE56 /* Debug Dev */,
				F0E39F522B7A678200F162E9 /* Debug Demo */,
				F14907DE2ABAF55000DDFE56 /* Release Dev */,
				F0E39F542B7A678D00F162E9 /* Release Demo */,
			);
			defaultConfigurationIsVisible = 0;
			defaultConfigurationName = "Release Demo";
		};
/* End XCConfigurationList section */

/* Begin XCLocalSwiftPackageReference section */
		2E54D1142ED6FC0400AA7346 /* XCLocalSwiftPackageReference "Modules/logic-business" */ = {
			isa = XCLocalSwiftPackageReference;
			relativePath = "Modules/logic-business";
		};
		2E54D1172ED6FD6200AA7346 /* XCLocalSwiftPackageReference "Modules/logic-ui" */ = {
			isa = XCLocalSwiftPackageReference;
			relativePath = "Modules/logic-ui";
		};
		2E54D11A2ED7006500AA7346 /* XCLocalSwiftPackageReference "Modules/feature-common" */ = {
			isa = XCLocalSwiftPackageReference;
			relativePath = "Modules/feature-common";
		};
		2E54D11D2ED7019500AA7346 /* XCLocalSwiftPackageReference "Modules/logic-assembly" */ = {
			isa = XCLocalSwiftPackageReference;
			relativePath = "Modules/logic-assembly";
		};
		2E54D1202ED723CE00AA7346 /* XCLocalSwiftPackageReference "Modules/logic-core" */ = {
			isa = XCLocalSwiftPackageReference;
			relativePath = "Modules/logic-core";
		};
/* End XCLocalSwiftPackageReference section */

/* Begin XCRemoteSwiftPackageReference section */
		2EFE16782ED9918100D45861 /* XCRemoteSwiftPackageReference "av-lib-ios-w3c-dc-api" */ = {
			isa = XCRemoteSwiftPackageReference;
			repositoryURL = "https://github.com/eu-digital-identity-wallet/av-lib-ios-w3c-dc-api.git";
			requirement = {
				kind = exactVersion;
				version = 0.20.1;
			};
		};
		7653F1D92FE9A0370086994F /* XCRemoteSwiftPackageReference "av-lib-ios-longfellow-zkp" */ = {
			isa = XCRemoteSwiftPackageReference;
			repositoryURL = "https://github.com/BhaskarNS-iOS/av-lib-ios-longfellow-zkp";
			requirement = {
				branch = "fix/Mdoc-header";
				kind = branch;
			};
		};
/* End XCRemoteSwiftPackageReference section */

/* Begin XCSwiftPackageProductDependency section */
		2E54D1152ED6FC0400AA7346 /* logic-business */ = {
			isa = XCSwiftPackageProductDependency;
			productName = "logic-business";
		};
		2E54D1182ED6FD6200AA7346 /* logic-ui */ = {
			isa = XCSwiftPackageProductDependency;
			productName = "logic-ui";
		};
		2E54D11B2ED7006500AA7346 /* feature-common */ = {
			isa = XCSwiftPackageProductDependency;
			productName = "feature-common";
		};
		2E54D11E2ED7019500AA7346 /* logic-assembly */ = {
			isa = XCSwiftPackageProductDependency;
			productName = "logic-assembly";
		};
		2E54D1212ED723CE00AA7346 /* logic-core */ = {
			isa = XCSwiftPackageProductDependency;
			productName = "logic-core";
		};
		2EFE16792ED9918100D45861 /* DcApi18013AnnexC */ = {
			isa = XCSwiftPackageProductDependency;
			package = 2EFE16782ED9918100D45861 /* XCRemoteSwiftPackageReference "av-lib-ios-w3c-dc-api" */;
			productName = DcApi18013AnnexC;
		};
		76268F7D2FE9090B0008901D /* DcApi18013AnnexC */ = {
			isa = XCSwiftPackageProductDependency;
			package = 2EFE16782ED9918100D45861 /* XCRemoteSwiftPackageReference "av-lib-ios-w3c-dc-api" */;
			productName = DcApi18013AnnexC;
		};
		7653F1DA2FE9A0370086994F /* LongfellowZkp */ = {
			isa = XCSwiftPackageProductDependency;
			package = 7653F1D92FE9A0370086994F /* XCRemoteSwiftPackageReference "av-lib-ios-longfellow-zkp" */;
			productName = LongfellowZkp;
		};
		F02AE3902BA6E59600C25C59 /* logic-assembly */ = {
			isa = XCSwiftPackageProductDependency;
			productName = "logic-assembly";
		};
/* End XCSwiftPackageProductDependency section */
	};
	rootObject = F14907B02ABAF54B00DDFE56 /* Project object */;
}
